// !$*UTF8*$!
{
	archiveVersion = 1;
	classes = {
	};
	objectVersion = 55;
	objects = {

/* Begin PBXBuildFile section */
		409995154B5D0A532C364FBE /* Pods_FilmRecord.framework in Frameworks */ = {isa = PBXBuildFile; fileRef = DBCD18786F2A450A22417FA9 /* Pods_FilmRecord.framework */; };
		5B936E43BD36F31CD75B9B91 /* Pods_FilmRecord_FilmRecordUITests.framework in Frameworks */ = {isa = PBXBuildFile; fileRef = 050C9511F0F994FE0381A9CD /* Pods_FilmRecord_FilmRecordUITests.framework */; };
		A50E507F27F2BAA90079AFEB /* DetailViewController.swift in Sources */ = {isa = PBXBuildFile; fileRef = A50E507E27F2BAA90079AFEB /* DetailViewController.swift */; };
		A50E508127F2BAB10079AFEB /* DetailPresenter.swift in Sources */ = {isa = PBXBuildFile; fileRef = A50E508027F2BAB10079AFEB /* DetailPresenter.swift */; };
		A511197927F15B5A0061BBAD /* Review.swift in Sources */ = {isa = PBXBuildFile; fileRef = A511197827F15B5A0061BBAD /* Review.swift */; };
		A511197B27F1601C0061BBAD /* UserDefaultsManager.swift in Sources */ = {isa = PBXBuildFile; fileRef = A511197A27F1601C0061BBAD /* UserDefaultsManager.swift */; };
		A511197D27F1658D0061BBAD /* HomeCollectionViewCell.swift in Sources */ = {isa = PBXBuildFile; fileRef = A511197C27F1658D0061BBAD /* HomeCollectionViewCell.swift */; };
		A513E84127F9C94F0084BD86 /* FavoriteViewController.swift in Sources */ = {isa = PBXBuildFile; fileRef = A513E84027F9C94F0084BD86 /* FavoriteViewController.swift */; };
		A513E84327F9C9580084BD86 /* FavoritePresenter.swift in Sources */ = {isa = PBXBuildFile; fileRef = A513E84227F9C9580084BD86 /* FavoritePresenter.swift */; };
		A513E84627F9CC870084BD86 /* FavoriteCollectionViewCell.swift in Sources */ = {isa = PBXBuildFile; fileRef = A513E84527F9CC870084BD86 /* FavoriteCollectionViewCell.swift */; };
		A51575362807EF3400D94EE4 /* SettingsViewController.swift in Sources */ = {isa = PBXBuildFile; fileRef = A51575352807EF3400D94EE4 /* SettingsViewController.swift */; };
		A51575382807EF3C00D94EE4 /* SettingsPresenter.swift in Sources */ = {isa = PBXBuildFile; fileRef = A51575372807EF3C00D94EE4 /* SettingsPresenter.swift */; };
		A515753B2807F26D00D94EE4 /* SettingsTableViewCell.swift in Sources */ = {isa = PBXBuildFile; fileRef = A515753A2807F26D00D94EE4 /* SettingsTableViewCell.swift */; };
		A519F8F828141CD400D73BE4 /* NaverAPIKey.swift in Sources */ = {isa = PBXBuildFile; fileRef = A519F8F728141CD400D73BE4 /* NaverAPIKey.swift */; };
		A519F8FD28142EBE00D73BE4 /* MockHomeViewController.swift in Sources */ = {isa = PBXBuildFile; fileRef = A519F8FC28142EBE00D73BE4 /* MockHomeViewController.swift */; };
		A519F8FF28142EF100D73BE4 /* MockUserDefaultsManager.swift in Sources */ = {isa = PBXBuildFile; fileRef = A519F8FE28142EF100D73BE4 /* MockUserDefaultsManager.swift */; };
		A519F9022814312500D73BE4 /* FontViewController.swift in Sources */ = {isa = PBXBuildFile; fileRef = A519F9012814312500D73BE4 /* FontViewController.swift */; };
		A519F9042814314100D73BE4 /* FontPresenter.swift in Sources */ = {isa = PBXBuildFile; fileRef = A519F9032814314100D73BE4 /* FontPresenter.swift */; };
		A519F9062814314A00D73BE4 /* FontTableViewCell.swift in Sources */ = {isa = PBXBuildFile; fileRef = A519F9052814314A00D73BE4 /* FontTableViewCell.swift */; };
		A52C888D27FDBB17004A0BE5 /* CalendarTableViewCell.swift in Sources */ = {isa = PBXBuildFile; fileRef = A52C888C27FDBB17004A0BE5 /* CalendarTableViewCell.swift */; };
		A5419BEC28180DA30044EEB4 /* FavoritePresenterTests.swift in Sources */ = {isa = PBXBuildFile; fileRef = A5419BEB28180DA30044EEB4 /* FavoritePresenterTests.swift */; };
		A5419BEE281812550044EEB4 /* MockFavoriteViewController.swift in Sources */ = {isa = PBXBuildFile; fileRef = A5419BED281812550044EEB4 /* MockFavoriteViewController.swift */; };
		A5419BF02818128B0044EEB4 /* ToWatchPresenterTests.swift in Sources */ = {isa = PBXBuildFile; fileRef = A5419BEF2818128B0044EEB4 /* ToWatchPresenterTests.swift */; };
		A5628E2028181C5B00A1D3D2 /* 고양체.otf in Resources */ = {isa = PBXBuildFile; fileRef = A5628E1F28181C5B00A1D3D2 /* 고양체.otf */; };
		A5628E2228181D8C00A1D3D2 /* 넥슨배찌체.otf in Resources */ = {isa = PBXBuildFile; fileRef = A5628E2128181D8B00A1D3D2 /* 넥슨배찌체.otf */; };
		A5628E2428181E8200A1D3D2 /* 국립공원반달이.otf in Resources */ = {isa = PBXBuildFile; fileRef = A5628E2328181E8200A1D3D2 /* 국립공원반달이.otf */; };
		A575A9E62816AA9100ACD091 /* EnterRatingPresenterTests.swift in Sources */ = {isa = PBXBuildFile; fileRef = A575A9E52816AA9100ACD091 /* EnterRatingPresenterTests.swift */; };
		A575A9E82816ACE100ACD091 /* MockEnterRatingViewController.swift in Sources */ = {isa = PBXBuildFile; fileRef = A575A9E72816ACE100ACD091 /* MockEnterRatingViewController.swift */; };
		A575A9EA2816AD5D00ACD091 /* ReviewWritePresenterTests.swift in Sources */ = {isa = PBXBuildFile; fileRef = A575A9E92816AD5D00ACD091 /* ReviewWritePresenterTests.swift */; };
		A575A9EC2816B3E900ACD091 /* MockReviewWriteViewController.swift in Sources */ = {isa = PBXBuildFile; fileRef = A575A9EB2816B3E900ACD091 /* MockReviewWriteViewController.swift */; };
		A575A9F02816CA3300ACD091 /* 교보손글씨 2020 박도연.otf in Resources */ = {isa = PBXBuildFile; fileRef = A575A9EF2816CA3300ACD091 /* 교보손글씨 2020 박도연.otf */; };
		A575A9F22816CBD700ACD091 /* 칠백삼체 유서연.otf in Resources */ = {isa = PBXBuildFile; fileRef = A575A9F12816CBD700ACD091 /* 칠백삼체 유서연.otf */; };
		A575A9FC2816D0E900ACD091 /* 국립공원 꼬미.otf in Resources */ = {isa = PBXBuildFile; fileRef = A575A9FB2816D0E900ACD091 /* 국립공원 꼬미.otf */; };
		A575A9FE2816D28400ACD091 /* 봉숭아틴트.ttf in Resources */ = {isa = PBXBuildFile; fileRef = A575A9FD2816D28400ACD091 /* 봉숭아틴트.ttf */; };
		A579422A27EDF3CC000F233A /* AppDelegate.swift in Sources */ = {isa = PBXBuildFile; fileRef = A579422927EDF3CC000F233A /* AppDelegate.swift */; };
		A579422C27EDF3CC000F233A /* SceneDelegate.swift in Sources */ = {isa = PBXBuildFile; fileRef = A579422B27EDF3CC000F233A /* SceneDelegate.swift */; };
		A579422E27EDF3CC000F233A /* HomeViewController.swift in Sources */ = {isa = PBXBuildFile; fileRef = A579422D27EDF3CC000F233A /* HomeViewController.swift */; };
		A579423327EDF3CC000F233A /* Assets.xcassets in Resources */ = {isa = PBXBuildFile; fileRef = A579423227EDF3CC000F233A /* Assets.xcassets */; };
		A579423627EDF3CC000F233A /* LaunchScreen.storyboard in Resources */ = {isa = PBXBuildFile; fileRef = A579423427EDF3CC000F233A /* LaunchScreen.storyboard */; };
		A579424127EDF3CC000F233A /* HomePresenterTests.swift in Sources */ = {isa = PBXBuildFile; fileRef = A579424027EDF3CC000F233A /* HomePresenterTests.swift */; };
		A579424B27EDF3CD000F233A /* FilmRecordUITests.swift in Sources */ = {isa = PBXBuildFile; fileRef = A579424A27EDF3CD000F233A /* FilmRecordUITests.swift */; };
		A579424D27EDF3CD000F233A /* FilmRecordUITestsLaunchTests.swift in Sources */ = {isa = PBXBuildFile; fileRef = A579424C27EDF3CD000F233A /* FilmRecordUITestsLaunchTests.swift */; };
		A579425B27EDF6FB000F233A /* HomePresenter.swift in Sources */ = {isa = PBXBuildFile; fileRef = A579425A27EDF6FB000F233A /* HomePresenter.swift */; };
		A579425E27EDFB27000F233A /* MovieSearchViewController.swift in Sources */ = {isa = PBXBuildFile; fileRef = A579425D27EDFB27000F233A /* MovieSearchViewController.swift */; };
		A579426027EDFB45000F233A /* MovieSearchPresenter.swift in Sources */ = {isa = PBXBuildFile; fileRef = A579425F27EDFB45000F233A /* MovieSearchPresenter.swift */; };
		A579426427EE07A7000F233A /* MovieSearchManager.swift in Sources */ = {isa = PBXBuildFile; fileRef = A579426327EE07A7000F233A /* MovieSearchManager.swift */; };
		A579426827EE07EF000F233A /* Alamofire in Frameworks */ = {isa = PBXBuildFile; productRef = A579426727EE07EF000F233A /* Alamofire */; };
		A579426A27EE0817000F233A /* SearchMovieRequestModel.swift in Sources */ = {isa = PBXBuildFile; fileRef = A579426927EE0817000F233A /* SearchMovieRequestModel.swift */; };
		A579426C27EE0822000F233A /* SearchMovieResponseModel.swift in Sources */ = {isa = PBXBuildFile; fileRef = A579426B27EE0822000F233A /* SearchMovieResponseModel.swift */; };
		A579426F27EE0884000F233A /* Movie.swift in Sources */ = {isa = PBXBuildFile; fileRef = A579426E27EE0884000F233A /* Movie.swift */; };
		A579427127EE08C8000F233A /* String+.swift in Sources */ = {isa = PBXBuildFile; fileRef = A579427027EE08C8000F233A /* String+.swift */; };
		A579427327EE0B9C000F233A /* MovieSearchCollectionViewCell.swift in Sources */ = {isa = PBXBuildFile; fileRef = A579427227EE0B9C000F233A /* MovieSearchCollectionViewCell.swift */; };
		A579427627EE0D84000F233A /* SnapKit in Frameworks */ = {isa = PBXBuildFile; productRef = A579427527EE0D84000F233A /* SnapKit */; };
		A579427927EE0DAB000F233A /* Kingfisher in Frameworks */ = {isa = PBXBuildFile; productRef = A579427827EE0DAB000F233A /* Kingfisher */; };
		A5828A6727F5547D00DC89D3 /* PopUpPresenter.swift in Sources */ = {isa = PBXBuildFile; fileRef = A5828A6627F5547D00DC89D3 /* PopUpPresenter.swift */; };
		A5828A6A27F58C2100DC89D3 /* DeleteAlertViewController.swift in Sources */ = {isa = PBXBuildFile; fileRef = A5828A6927F58C2100DC89D3 /* DeleteAlertViewController.swift */; };
		A5828A6C27F58C6400DC89D3 /* DeleteAlertPresenter.swift in Sources */ = {isa = PBXBuildFile; fileRef = A5828A6B27F58C6400DC89D3 /* DeleteAlertPresenter.swift */; };
		A583514E2815345100B3082B /* DetailPresenterTests.swift in Sources */ = {isa = PBXBuildFile; fileRef = A583514D2815345100B3082B /* DetailPresenterTests.swift */; };
		A58351502815397D00B3082B /* MovieSearchPresenterTests.swift in Sources */ = {isa = PBXBuildFile; fileRef = A583514F2815397D00B3082B /* MovieSearchPresenterTests.swift */; };
		A5835152281539A400B3082B /* MockDetailViewController.swift in Sources */ = {isa = PBXBuildFile; fileRef = A5835151281539A400B3082B /* MockDetailViewController.swift */; };
		A5835154281568C500B3082B /* MockMovieSearchViewController.swift in Sources */ = {isa = PBXBuildFile; fileRef = A5835153281568C500B3082B /* MockMovieSearchViewController.swift */; };
		A5835156281568F900B3082B /* MockMovieSearchManager.swift in Sources */ = {isa = PBXBuildFile; fileRef = A5835155281568F900B3082B /* MockMovieSearchManager.swift */; };
		A586E3D8280D7541001474BF /* Toast in Frameworks */ = {isa = PBXBuildFile; productRef = A586E3D7280D7541001474BF /* Toast */; };
		A586E3DB280D7AC2001474BF /* Toast.swift in Sources */ = {isa = PBXBuildFile; fileRef = A586E3DA280D7AC2001474BF /* Toast.swift */; };
		A586E3DE280D7DA9001474BF /* DarkModeViewController.swift in Sources */ = {isa = PBXBuildFile; fileRef = A586E3DD280D7DA9001474BF /* DarkModeViewController.swift */; };
		A586E3E1280D7DE8001474BF /* Color+.swift in Sources */ = {isa = PBXBuildFile; fileRef = A586E3E0280D7DE8001474BF /* Color+.swift */; };
		A586E3E3280D7ED7001474BF /* DarkModeManager.swift in Sources */ = {isa = PBXBuildFile; fileRef = A586E3E2280D7ED7001474BF /* DarkModeManager.swift */; };
		A586E3E7280D87F7001474BF /* DarkModePresenter.swift in Sources */ = {isa = PBXBuildFile; fileRef = A586E3E6280D87F7001474BF /* DarkModePresenter.swift */; };
		A586E3E9280D886C001474BF /* DarkModeTableViewCell.swift in Sources */ = {isa = PBXBuildFile; fileRef = A586E3E8280D886C001474BF /* DarkModeTableViewCell.swift */; };
		A594B0E927EF374D001344A2 /* EnterRatingViewController.swift in Sources */ = {isa = PBXBuildFile; fileRef = A594B0E827EF374D001344A2 /* EnterRatingViewController.swift */; };
		A594B0EB27EF3825001344A2 /* EnterRatingPresenter.swift in Sources */ = {isa = PBXBuildFile; fileRef = A594B0EA27EF3825001344A2 /* EnterRatingPresenter.swift */; };
		A594B0F027EF4BA8001344A2 /* LabelHorizontalStackView.swift in Sources */ = {isa = PBXBuildFile; fileRef = A594B0EF27EF4BA8001344A2 /* LabelHorizontalStackView.swift */; };
		A594B0F227EF4EAD001344A2 /* ThreeRowVerticalStackView.swift in Sources */ = {isa = PBXBuildFile; fileRef = A594B0F127EF4EAD001344A2 /* ThreeRowVerticalStackView.swift */; };
		A594B0F527EF5833001344A2 /* Cosmos in Frameworks */ = {isa = PBXBuildFile; productRef = A594B0F427EF5833001344A2 /* Cosmos */; };
		A5A3C8CB2817993C00376C46 /* MenuPresenterTests.swift in Sources */ = {isa = PBXBuildFile; fileRef = A5A3C8CA2817993C00376C46 /* MenuPresenterTests.swift */; };
		A5A3C8CD2817A2DA00376C46 /* MockMenuViewController.swift in Sources */ = {isa = PBXBuildFile; fileRef = A5A3C8CC2817A2DA00376C46 /* MockMenuViewController.swift */; };
		A5A3C8CF2817A4CD00376C46 /* CalendarPresenterTests.swift in Sources */ = {isa = PBXBuildFile; fileRef = A5A3C8CE2817A4CD00376C46 /* CalendarPresenterTests.swift */; };
		A5A3C8D12817B35900376C46 /* MockCalendarViewController.swift in Sources */ = {isa = PBXBuildFile; fileRef = A5A3C8D02817B35900376C46 /* MockCalendarViewController.swift */; };
		A5AFFB0727F7E06900FA078D /* ToWatchViewController.swift in Sources */ = {isa = PBXBuildFile; fileRef = A5AFFB0627F7E06900FA078D /* ToWatchViewController.swift */; };
		A5AFFB0927F7E09200FA078D /* ToWatchPresenter.swift in Sources */ = {isa = PBXBuildFile; fileRef = A5AFFB0827F7E09200FA078D /* ToWatchPresenter.swift */; };
		A5AFFB0C27F7E45E00FA078D /* ToWatchTableViewCell.swift in Sources */ = {isa = PBXBuildFile; fileRef = A5AFFB0B27F7E45E00FA078D /* ToWatchTableViewCell.swift */; };
		A5AFFB0E27F7E76600FA078D /* Watch.swift in Sources */ = {isa = PBXBuildFile; fileRef = A5AFFB0D27F7E76600FA078D /* Watch.swift */; };
		A5C2A87527F697D500225640 /* SideMenu in Frameworks */ = {isa = PBXBuildFile; productRef = A5C2A87427F697D500225640 /* SideMenu */; };
		A5C2A87727F6984D00225640 /* MenuNavigationController.swift in Sources */ = {isa = PBXBuildFile; fileRef = A5C2A87627F6984D00225640 /* MenuNavigationController.swift */; };
		A5C2A87927F69A9D00225640 /* MenuViewController.swift in Sources */ = {isa = PBXBuildFile; fileRef = A5C2A87827F69A9D00225640 /* MenuViewController.swift */; };
		A5C2A87C27F6BE8300225640 /* MenuTableViewCell.swift in Sources */ = {isa = PBXBuildFile; fileRef = A5C2A87B27F6BE8300225640 /* MenuTableViewCell.swift */; };
		A5C2A87E27F6C10C00225640 /* AppsTableViewCell.swift in Sources */ = {isa = PBXBuildFile; fileRef = A5C2A87D27F6C10C00225640 /* AppsTableViewCell.swift */; };
		A5C2A88027F6D25800225640 /* MenuPresenter.swift in Sources */ = {isa = PBXBuildFile; fileRef = A5C2A87F27F6D25800225640 /* MenuPresenter.swift */; };
		A5C6678727F3EDA60090B617 /* 교보손글씨.otf in Resources */ = {isa = PBXBuildFile; fileRef = A5C6678327F3EDA60090B617 /* 교보손글씨.otf */; };
		A5C6678827F3EDA60090B617 /* 이서연체.otf in Resources */ = {isa = PBXBuildFile; fileRef = A5C6678427F3EDA60090B617 /* 이서연체.otf */; };
		A5C6678A27F3EE290090B617 /* FontManager.swift in Sources */ = {isa = PBXBuildFile; fileRef = A5C6678927F3EE290090B617 /* FontManager.swift */; };
		A5C6678C27F413480090B617 /* PopUpViewController.swift in Sources */ = {isa = PBXBuildFile; fileRef = A5C6678B27F413480090B617 /* PopUpViewController.swift */; };
		A5DA054427FC0FFA00EB3FF8 /* CalendarViewController.swift in Sources */ = {isa = PBXBuildFile; fileRef = A5DA054327FC0FFA00EB3FF8 /* CalendarViewController.swift */; };
		A5DA054627FC100500EB3FF8 /* CalendarPresenter.swift in Sources */ = {isa = PBXBuildFile; fileRef = A5DA054527FC100500EB3FF8 /* CalendarPresenter.swift */; };
		A5DA055027FC179300EB3FF8 /* FSCalendar in Frameworks */ = {isa = PBXBuildFile; productRef = A5DA054F27FC179300EB3FF8 /* FSCalendar */; };
		A5E95188280AE02600748DCB /* SendMailFailAlertViewController.swift in Sources */ = {isa = PBXBuildFile; fileRef = A5E95187280AE02600748DCB /* SendMailFailAlertViewController.swift */; };
		A5E9518A280AE92000748DCB /* SendMailFailPresenter.swift in Sources */ = {isa = PBXBuildFile; fileRef = A5E95189280AE92000748DCB /* SendMailFailPresenter.swift */; };
		A5EBAA2D28104BBE00428454 /* DatePickerAlertViewController.swift in Sources */ = {isa = PBXBuildFile; fileRef = A5EBAA2C28104BBE00428454 /* DatePickerAlertViewController.swift */; };
		A5EBAA2F28104BE600428454 /* DatePickerAlertPresenter.swift in Sources */ = {isa = PBXBuildFile; fileRef = A5EBAA2E28104BE600428454 /* DatePickerAlertPresenter.swift */; };
		A5FACB4527F0383700DAB3AA /* ReviewWriteViewController.swift in Sources */ = {isa = PBXBuildFile; fileRef = A5FACB4427F0383700DAB3AA /* ReviewWriteViewController.swift */; };
		A5FACB4727F0384200DAB3AA /* ReviewWritePresenter.swift in Sources */ = {isa = PBXBuildFile; fileRef = A5FACB4627F0384200DAB3AA /* ReviewWritePresenter.swift */; };
		A5FACB4A27F03AA900DAB3AA /* TextFieldHorizontalStackView.swift in Sources */ = {isa = PBXBuildFile; fileRef = A5FACB4927F03AA900DAB3AA /* TextFieldHorizontalStackView.swift */; };
		B189199CBFFEB0B44319BCA1 /* Pods_FilmRecordTests.framework in Frameworks */ = {isa = PBXBuildFile; fileRef = 1F573B33ACBFDCF01170FD98 /* Pods_FilmRecordTests.framework */; };
/* End PBXBuildFile section */

/* Begin PBXContainerItemProxy section */
		A579423D27EDF3CC000F233A /* PBXContainerItemProxy */ = {
			isa = PBXContainerItemProxy;
			containerPortal = A579421E27EDF3CC000F233A /* Project object */;
			proxyType = 1;
			remoteGlobalIDString = A579422527EDF3CC000F233A;
			remoteInfo = FilmRecord;
		};
		A579424727EDF3CD000F233A /* PBXContainerItemProxy */ = {
			isa = PBXContainerItemProxy;
			containerPortal = A579421E27EDF3CC000F233A /* Project object */;
			proxyType = 1;
			remoteGlobalIDString = A579422527EDF3CC000F233A;
			remoteInfo = FilmRecord;
		};
/* End PBXContainerItemProxy section */

/* Begin PBXFileReference section */
		027098457CEFADAC81379FE2 /* Pods-FilmRecord.release.xcconfig */ = {isa = PBXFileReference; includeInIndex = 1; lastKnownFileType = text.xcconfig; name = "Pods-FilmRecord.release.xcconfig"; path = "Target Support Files/Pods-FilmRecord/Pods-FilmRecord.release.xcconfig"; sourceTree = "<group>"; };
		050C9511F0F994FE0381A9CD /* Pods_FilmRecord_FilmRecordUITests.framework */ = {isa = PBXFileReference; explicitFileType = wrapper.framework; includeInIndex = 0; path = Pods_FilmRecord_FilmRecordUITests.framework; sourceTree = BUILT_PRODUCTS_DIR; };
		0B56D071920236C3847CBE7B /* Pods-FilmRecordTests.release.xcconfig */ = {isa = PBXFileReference; includeInIndex = 1; lastKnownFileType = text.xcconfig; name = "Pods-FilmRecordTests.release.xcconfig"; path = "Target Support Files/Pods-FilmRecordTests/Pods-FilmRecordTests.release.xcconfig"; sourceTree = "<group>"; };
		15AC9B1635105DB65C7ED2E1 /* Pods-FilmRecord.debug.xcconfig */ = {isa = PBXFileReference; includeInIndex = 1; lastKnownFileType = text.xcconfig; name = "Pods-FilmRecord.debug.xcconfig"; path = "Target Support Files/Pods-FilmRecord/Pods-FilmRecord.debug.xcconfig"; sourceTree = "<group>"; };
		1F573B33ACBFDCF01170FD98 /* Pods_FilmRecordTests.framework */ = {isa = PBXFileReference; explicitFileType = wrapper.framework; includeInIndex = 0; path = Pods_FilmRecordTests.framework; sourceTree = BUILT_PRODUCTS_DIR; };
		6B0FFA8A20824560C0CF4E25 /* Pods-FilmRecordTests.debug.xcconfig */ = {isa = PBXFileReference; includeInIndex = 1; lastKnownFileType = text.xcconfig; name = "Pods-FilmRecordTests.debug.xcconfig"; path = "Target Support Files/Pods-FilmRecordTests/Pods-FilmRecordTests.debug.xcconfig"; sourceTree = "<group>"; };
		A50E507E27F2BAA90079AFEB /* DetailViewController.swift */ = {isa = PBXFileReference; lastKnownFileType = sourcecode.swift; path = DetailViewController.swift; sourceTree = "<group>"; };
		A50E508027F2BAB10079AFEB /* DetailPresenter.swift */ = {isa = PBXFileReference; lastKnownFileType = sourcecode.swift; path = DetailPresenter.swift; sourceTree = "<group>"; };
		A511197827F15B5A0061BBAD /* Review.swift */ = {isa = PBXFileReference; lastKnownFileType = sourcecode.swift; path = Review.swift; sourceTree = "<group>"; };
		A511197A27F1601C0061BBAD /* UserDefaultsManager.swift */ = {isa = PBXFileReference; lastKnownFileType = sourcecode.swift; path = UserDefaultsManager.swift; sourceTree = "<group>"; };
		A511197C27F1658D0061BBAD /* HomeCollectionViewCell.swift */ = {isa = PBXFileReference; lastKnownFileType = sourcecode.swift; path = HomeCollectionViewCell.swift; sourceTree = "<group>"; };
		A513E84027F9C94F0084BD86 /* FavoriteViewController.swift */ = {isa = PBXFileReference; lastKnownFileType = sourcecode.swift; path = FavoriteViewController.swift; sourceTree = "<group>"; };
		A513E84227F9C9580084BD86 /* FavoritePresenter.swift */ = {isa = PBXFileReference; lastKnownFileType = sourcecode.swift; path = FavoritePresenter.swift; sourceTree = "<group>"; };
		A513E84527F9CC870084BD86 /* FavoriteCollectionViewCell.swift */ = {isa = PBXFileReference; lastKnownFileType = sourcecode.swift; path = FavoriteCollectionViewCell.swift; sourceTree = "<group>"; };
		A51575352807EF3400D94EE4 /* SettingsViewController.swift */ = {isa = PBXFileReference; lastKnownFileType = sourcecode.swift; path = SettingsViewController.swift; sourceTree = "<group>"; };
		A51575372807EF3C00D94EE4 /* SettingsPresenter.swift */ = {isa = PBXFileReference; lastKnownFileType = sourcecode.swift; path = SettingsPresenter.swift; sourceTree = "<group>"; };
		A515753A2807F26D00D94EE4 /* SettingsTableViewCell.swift */ = {isa = PBXFileReference; lastKnownFileType = sourcecode.swift; path = SettingsTableViewCell.swift; sourceTree = "<group>"; };
		A519F8F728141CD400D73BE4 /* NaverAPIKey.swift */ = {isa = PBXFileReference; lastKnownFileType = sourcecode.swift; path = NaverAPIKey.swift; sourceTree = "<group>"; };
		A519F8FC28142EBE00D73BE4 /* MockHomeViewController.swift */ = {isa = PBXFileReference; lastKnownFileType = sourcecode.swift; path = MockHomeViewController.swift; sourceTree = "<group>"; };
		A519F8FE28142EF100D73BE4 /* MockUserDefaultsManager.swift */ = {isa = PBXFileReference; lastKnownFileType = sourcecode.swift; path = MockUserDefaultsManager.swift; sourceTree = "<group>"; };
		A519F9012814312500D73BE4 /* FontViewController.swift */ = {isa = PBXFileReference; lastKnownFileType = sourcecode.swift; path = FontViewController.swift; sourceTree = "<group>"; };
		A519F9032814314100D73BE4 /* FontPresenter.swift */ = {isa = PBXFileReference; lastKnownFileType = sourcecode.swift; path = FontPresenter.swift; sourceTree = "<group>"; };
		A519F9052814314A00D73BE4 /* FontTableViewCell.swift */ = {isa = PBXFileReference; lastKnownFileType = sourcecode.swift; path = FontTableViewCell.swift; sourceTree = "<group>"; };
		A52C888C27FDBB17004A0BE5 /* CalendarTableViewCell.swift */ = {isa = PBXFileReference; lastKnownFileType = sourcecode.swift; path = CalendarTableViewCell.swift; sourceTree = "<group>"; };
		A5419BEB28180DA30044EEB4 /* FavoritePresenterTests.swift */ = {isa = PBXFileReference; lastKnownFileType = sourcecode.swift; path = FavoritePresenterTests.swift; sourceTree = "<group>"; };
		A5419BED281812550044EEB4 /* MockFavoriteViewController.swift */ = {isa = PBXFileReference; lastKnownFileType = sourcecode.swift; path = MockFavoriteViewController.swift; sourceTree = "<group>"; };
		A5419BEF2818128B0044EEB4 /* ToWatchPresenterTests.swift */ = {isa = PBXFileReference; lastKnownFileType = sourcecode.swift; path = ToWatchPresenterTests.swift; sourceTree = "<group>"; };
		A5628E1F28181C5B00A1D3D2 /* 고양체.otf */ = {isa = PBXFileReference; lastKnownFileType = file; path = "고양체.otf"; sourceTree = "<group>"; };
		A5628E2128181D8B00A1D3D2 /* 넥슨배찌체.otf */ = {isa = PBXFileReference; lastKnownFileType = file; path = "넥슨배찌체.otf"; sourceTree = "<group>"; };
		A5628E2328181E8200A1D3D2 /* 국립공원반달이.otf */ = {isa = PBXFileReference; lastKnownFileType = file; path = "국립공원반달이.otf"; sourceTree = "<group>"; };
		A575A9E52816AA9100ACD091 /* EnterRatingPresenterTests.swift */ = {isa = PBXFileReference; lastKnownFileType = sourcecode.swift; path = EnterRatingPresenterTests.swift; sourceTree = "<group>"; };
		A575A9E72816ACE100ACD091 /* MockEnterRatingViewController.swift */ = {isa = PBXFileReference; lastKnownFileType = sourcecode.swift; path = MockEnterRatingViewController.swift; sourceTree = "<group>"; };
		A575A9E92816AD5D00ACD091 /* ReviewWritePresenterTests.swift */ = {isa = PBXFileReference; lastKnownFileType = sourcecode.swift; path = ReviewWritePresenterTests.swift; sourceTree = "<group>"; };
		A575A9EB2816B3E900ACD091 /* MockReviewWriteViewController.swift */ = {isa = PBXFileReference; lastKnownFileType = sourcecode.swift; path = MockReviewWriteViewController.swift; sourceTree = "<group>"; };
		A575A9EF2816CA3300ACD091 /* 교보손글씨 2020 박도연.otf */ = {isa = PBXFileReference; lastKnownFileType = file; path = "교보손글씨 2020 박도연.otf"; sourceTree = "<group>"; };
		A575A9F12816CBD700ACD091 /* 칠백삼체 유서연.otf */ = {isa = PBXFileReference; lastKnownFileType = file; path = "칠백삼체 유서연.otf"; sourceTree = "<group>"; };
		A575A9FB2816D0E900ACD091 /* 국립공원 꼬미.otf */ = {isa = PBXFileReference; lastKnownFileType = file; path = "국립공원 꼬미.otf"; sourceTree = "<group>"; };
		A575A9FD2816D28400ACD091 /* 봉숭아틴트.ttf */ = {isa = PBXFileReference; lastKnownFileType = file; path = "봉숭아틴트.ttf"; sourceTree = "<group>"; };
		A579422627EDF3CC000F233A /* FilmRecord.app */ = {isa = PBXFileReference; explicitFileType = wrapper.application; includeInIndex = 0; path = FilmRecord.app; sourceTree = BUILT_PRODUCTS_DIR; };
		A579422927EDF3CC000F233A /* AppDelegate.swift */ = {isa = PBXFileReference; lastKnownFileType = sourcecode.swift; path = AppDelegate.swift; sourceTree = "<group>"; };
		A579422B27EDF3CC000F233A /* SceneDelegate.swift */ = {isa = PBXFileReference; lastKnownFileType = sourcecode.swift; path = SceneDelegate.swift; sourceTree = "<group>"; };
		A579422D27EDF3CC000F233A /* HomeViewController.swift */ = {isa = PBXFileReference; lastKnownFileType = sourcecode.swift; path = HomeViewController.swift; sourceTree = "<group>"; };
		A579423227EDF3CC000F233A /* Assets.xcassets */ = {isa = PBXFileReference; lastKnownFileType = folder.assetcatalog; path = Assets.xcassets; sourceTree = "<group>"; };
		A579423527EDF3CC000F233A /* Base */ = {isa = PBXFileReference; lastKnownFileType = file.storyboard; name = Base; path = Base.lproj/LaunchScreen.storyboard; sourceTree = "<group>"; };
		A579423727EDF3CC000F233A /* Info.plist */ = {isa = PBXFileReference; lastKnownFileType = text.plist.xml; path = Info.plist; sourceTree = "<group>"; };
		A579423C27EDF3CC000F233A /* FilmRecordTests.xctest */ = {isa = PBXFileReference; explicitFileType = wrapper.cfbundle; includeInIndex = 0; path = FilmRecordTests.xctest; sourceTree = BUILT_PRODUCTS_DIR; };
		A579424027EDF3CC000F233A /* HomePresenterTests.swift */ = {isa = PBXFileReference; lastKnownFileType = sourcecode.swift; path = HomePresenterTests.swift; sourceTree = "<group>"; };
		A579424627EDF3CD000F233A /* FilmRecordUITests.xctest */ = {isa = PBXFileReference; explicitFileType = wrapper.cfbundle; includeInIndex = 0; path = FilmRecordUITests.xctest; sourceTree = BUILT_PRODUCTS_DIR; };
		A579424A27EDF3CD000F233A /* FilmRecordUITests.swift */ = {isa = PBXFileReference; lastKnownFileType = sourcecode.swift; path = FilmRecordUITests.swift; sourceTree = "<group>"; };
		A579424C27EDF3CD000F233A /* FilmRecordUITestsLaunchTests.swift */ = {isa = PBXFileReference; lastKnownFileType = sourcecode.swift; path = FilmRecordUITestsLaunchTests.swift; sourceTree = "<group>"; };
		A579425A27EDF6FB000F233A /* HomePresenter.swift */ = {isa = PBXFileReference; lastKnownFileType = sourcecode.swift; path = HomePresenter.swift; sourceTree = "<group>"; };
		A579425D27EDFB27000F233A /* MovieSearchViewController.swift */ = {isa = PBXFileReference; lastKnownFileType = sourcecode.swift; path = MovieSearchViewController.swift; sourceTree = "<group>"; };
		A579425F27EDFB45000F233A /* MovieSearchPresenter.swift */ = {isa = PBXFileReference; lastKnownFileType = sourcecode.swift; path = MovieSearchPresenter.swift; sourceTree = "<group>"; };
		A579426327EE07A7000F233A /* MovieSearchManager.swift */ = {isa = PBXFileReference; lastKnownFileType = sourcecode.swift; path = MovieSearchManager.swift; sourceTree = "<group>"; };
		A579426927EE0817000F233A /* SearchMovieRequestModel.swift */ = {isa = PBXFileReference; lastKnownFileType = sourcecode.swift; path = SearchMovieRequestModel.swift; sourceTree = "<group>"; };
		A579426B27EE0822000F233A /* SearchMovieResponseModel.swift */ = {isa = PBXFileReference; lastKnownFileType = sourcecode.swift; path = SearchMovieResponseModel.swift; sourceTree = "<group>"; };
		A579426E27EE0884000F233A /* Movie.swift */ = {isa = PBXFileReference; lastKnownFileType = sourcecode.swift; path = Movie.swift; sourceTree = "<group>"; };
		A579427027EE08C8000F233A /* String+.swift */ = {isa = PBXFileReference; lastKnownFileType = sourcecode.swift; path = "String+.swift"; sourceTree = "<group>"; };
		A579427227EE0B9C000F233A /* MovieSearchCollectionViewCell.swift */ = {isa = PBXFileReference; lastKnownFileType = sourcecode.swift; path = MovieSearchCollectionViewCell.swift; sourceTree = "<group>"; };
		A5828A6627F5547D00DC89D3 /* PopUpPresenter.swift */ = {isa = PBXFileReference; lastKnownFileType = sourcecode.swift; path = PopUpPresenter.swift; sourceTree = "<group>"; };
		A5828A6927F58C2100DC89D3 /* DeleteAlertViewController.swift */ = {isa = PBXFileReference; lastKnownFileType = sourcecode.swift; path = DeleteAlertViewController.swift; sourceTree = "<group>"; };
		A5828A6B27F58C6400DC89D3 /* DeleteAlertPresenter.swift */ = {isa = PBXFileReference; lastKnownFileType = sourcecode.swift; path = DeleteAlertPresenter.swift; sourceTree = "<group>"; };
		A583514D2815345100B3082B /* DetailPresenterTests.swift */ = {isa = PBXFileReference; lastKnownFileType = sourcecode.swift; path = DetailPresenterTests.swift; sourceTree = "<group>"; };
		A583514F2815397D00B3082B /* MovieSearchPresenterTests.swift */ = {isa = PBXFileReference; lastKnownFileType = sourcecode.swift; path = MovieSearchPresenterTests.swift; sourceTree = "<group>"; };
		A5835151281539A400B3082B /* MockDetailViewController.swift */ = {isa = PBXFileReference; lastKnownFileType = sourcecode.swift; path = MockDetailViewController.swift; sourceTree = "<group>"; };
		A5835153281568C500B3082B /* MockMovieSearchViewController.swift */ = {isa = PBXFileReference; lastKnownFileType = sourcecode.swift; path = MockMovieSearchViewController.swift; sourceTree = "<group>"; };
		A5835155281568F900B3082B /* MockMovieSearchManager.swift */ = {isa = PBXFileReference; lastKnownFileType = sourcecode.swift; path = MockMovieSearchManager.swift; sourceTree = "<group>"; };
		A586E3DA280D7AC2001474BF /* Toast.swift */ = {isa = PBXFileReference; lastKnownFileType = sourcecode.swift; path = Toast.swift; sourceTree = "<group>"; };
		A586E3DD280D7DA9001474BF /* DarkModeViewController.swift */ = {isa = PBXFileReference; lastKnownFileType = sourcecode.swift; path = DarkModeViewController.swift; sourceTree = "<group>"; };
		A586E3E0280D7DE8001474BF /* Color+.swift */ = {isa = PBXFileReference; lastKnownFileType = sourcecode.swift; path = "Color+.swift"; sourceTree = "<group>"; };
		A586E3E2280D7ED7001474BF /* DarkModeManager.swift */ = {isa = PBXFileReference; lastKnownFileType = sourcecode.swift; path = DarkModeManager.swift; sourceTree = "<group>"; };
		A586E3E6280D87F7001474BF /* DarkModePresenter.swift */ = {isa = PBXFileReference; lastKnownFileType = sourcecode.swift; path = DarkModePresenter.swift; sourceTree = "<group>"; };
		A586E3E8280D886C001474BF /* DarkModeTableViewCell.swift */ = {isa = PBXFileReference; lastKnownFileType = sourcecode.swift; path = DarkModeTableViewCell.swift; sourceTree = "<group>"; };
		A594B0E827EF374D001344A2 /* EnterRatingViewController.swift */ = {isa = PBXFileReference; lastKnownFileType = sourcecode.swift; path = EnterRatingViewController.swift; sourceTree = "<group>"; };
		A594B0EA27EF3825001344A2 /* EnterRatingPresenter.swift */ = {isa = PBXFileReference; lastKnownFileType = sourcecode.swift; path = EnterRatingPresenter.swift; sourceTree = "<group>"; };
		A594B0EF27EF4BA8001344A2 /* LabelHorizontalStackView.swift */ = {isa = PBXFileReference; lastKnownFileType = sourcecode.swift; path = LabelHorizontalStackView.swift; sourceTree = "<group>"; };
		A594B0F127EF4EAD001344A2 /* ThreeRowVerticalStackView.swift */ = {isa = PBXFileReference; lastKnownFileType = sourcecode.swift; path = ThreeRowVerticalStackView.swift; sourceTree = "<group>"; };
		A5A3C8CA2817993C00376C46 /* MenuPresenterTests.swift */ = {isa = PBXFileReference; lastKnownFileType = sourcecode.swift; path = MenuPresenterTests.swift; sourceTree = "<group>"; };
		A5A3C8CC2817A2DA00376C46 /* MockMenuViewController.swift */ = {isa = PBXFileReference; lastKnownFileType = sourcecode.swift; path = MockMenuViewController.swift; sourceTree = "<group>"; };
		A5A3C8CE2817A4CD00376C46 /* CalendarPresenterTests.swift */ = {isa = PBXFileReference; lastKnownFileType = sourcecode.swift; path = CalendarPresenterTests.swift; sourceTree = "<group>"; };
		A5A3C8D02817B35900376C46 /* MockCalendarViewController.swift */ = {isa = PBXFileReference; lastKnownFileType = sourcecode.swift; path = MockCalendarViewController.swift; sourceTree = "<group>"; };
		A5AFFB0627F7E06900FA078D /* ToWatchViewController.swift */ = {isa = PBXFileReference; lastKnownFileType = sourcecode.swift; path = ToWatchViewController.swift; sourceTree = "<group>"; };
		A5AFFB0827F7E09200FA078D /* ToWatchPresenter.swift */ = {isa = PBXFileReference; lastKnownFileType = sourcecode.swift; path = ToWatchPresenter.swift; sourceTree = "<group>"; };
		A5AFFB0B27F7E45E00FA078D /* ToWatchTableViewCell.swift */ = {isa = PBXFileReference; lastKnownFileType = sourcecode.swift; path = ToWatchTableViewCell.swift; sourceTree = "<group>"; };
		A5AFFB0D27F7E76600FA078D /* Watch.swift */ = {isa = PBXFileReference; lastKnownFileType = sourcecode.swift; path = Watch.swift; sourceTree = "<group>"; };
		A5C2A87627F6984D00225640 /* MenuNavigationController.swift */ = {isa = PBXFileReference; lastKnownFileType = sourcecode.swift; path = MenuNavigationController.swift; sourceTree = "<group>"; };
		A5C2A87827F69A9D00225640 /* MenuViewController.swift */ = {isa = PBXFileReference; lastKnownFileType = sourcecode.swift; path = MenuViewController.swift; sourceTree = "<group>"; };
		A5C2A87B27F6BE8300225640 /* MenuTableViewCell.swift */ = {isa = PBXFileReference; lastKnownFileType = sourcecode.swift; path = MenuTableViewCell.swift; sourceTree = "<group>"; };
		A5C2A87D27F6C10C00225640 /* AppsTableViewCell.swift */ = {isa = PBXFileReference; lastKnownFileType = sourcecode.swift; path = AppsTableViewCell.swift; sourceTree = "<group>"; };
		A5C2A87F27F6D25800225640 /* MenuPresenter.swift */ = {isa = PBXFileReference; lastKnownFileType = sourcecode.swift; path = MenuPresenter.swift; sourceTree = "<group>"; };
		A5C6678327F3EDA60090B617 /* 교보손글씨.otf */ = {isa = PBXFileReference; lastKnownFileType = file; path = "교보손글씨.otf"; sourceTree = "<group>"; };
		A5C6678427F3EDA60090B617 /* 이서연체.otf */ = {isa = PBXFileReference; lastKnownFileType = file; path = "이서연체.otf"; sourceTree = "<group>"; };
		A5C6678927F3EE290090B617 /* FontManager.swift */ = {isa = PBXFileReference; lastKnownFileType = sourcecode.swift; path = FontManager.swift; sourceTree = "<group>"; };
		A5C6678B27F413480090B617 /* PopUpViewController.swift */ = {isa = PBXFileReference; lastKnownFileType = sourcecode.swift; path = PopUpViewController.swift; sourceTree = "<group>"; };
		A5DA054327FC0FFA00EB3FF8 /* CalendarViewController.swift */ = {isa = PBXFileReference; lastKnownFileType = sourcecode.swift; path = CalendarViewController.swift; sourceTree = "<group>"; };
		A5DA054527FC100500EB3FF8 /* CalendarPresenter.swift */ = {isa = PBXFileReference; lastKnownFileType = sourcecode.swift; path = CalendarPresenter.swift; sourceTree = "<group>"; };
		A5E95187280AE02600748DCB /* SendMailFailAlertViewController.swift */ = {isa = PBXFileReference; lastKnownFileType = sourcecode.swift; path = SendMailFailAlertViewController.swift; sourceTree = "<group>"; };
		A5E95189280AE92000748DCB /* SendMailFailPresenter.swift */ = {isa = PBXFileReference; lastKnownFileType = sourcecode.swift; path = SendMailFailPresenter.swift; sourceTree = "<group>"; };
		A5EBAA2C28104BBE00428454 /* DatePickerAlertViewController.swift */ = {isa = PBXFileReference; lastKnownFileType = sourcecode.swift; path = DatePickerAlertViewController.swift; sourceTree = "<group>"; };
		A5EBAA2E28104BE600428454 /* DatePickerAlertPresenter.swift */ = {isa = PBXFileReference; lastKnownFileType = sourcecode.swift; path = DatePickerAlertPresenter.swift; sourceTree = "<group>"; };
		A5FACB4427F0383700DAB3AA /* ReviewWriteViewController.swift */ = {isa = PBXFileReference; lastKnownFileType = sourcecode.swift; path = ReviewWriteViewController.swift; sourceTree = "<group>"; };
		A5FACB4627F0384200DAB3AA /* ReviewWritePresenter.swift */ = {isa = PBXFileReference; lastKnownFileType = sourcecode.swift; path = ReviewWritePresenter.swift; sourceTree = "<group>"; };
		A5FACB4927F03AA900DAB3AA /* TextFieldHorizontalStackView.swift */ = {isa = PBXFileReference; lastKnownFileType = sourcecode.swift; path = TextFieldHorizontalStackView.swift; sourceTree = "<group>"; };
		B381680C404AA68A42D97F11 /* Pods-FilmRecord-FilmRecordUITests.debug.xcconfig */ = {isa = PBXFileReference; includeInIndex = 1; lastKnownFileType = text.xcconfig; name = "Pods-FilmRecord-FilmRecordUITests.debug.xcconfig"; path = "Target Support Files/Pods-FilmRecord-FilmRecordUITests/Pods-FilmRecord-FilmRecordUITests.debug.xcconfig"; sourceTree = "<group>"; };
		DBCD18786F2A450A22417FA9 /* Pods_FilmRecord.framework */ = {isa = PBXFileReference; explicitFileType = wrapper.framework; includeInIndex = 0; path = Pods_FilmRecord.framework; sourceTree = BUILT_PRODUCTS_DIR; };
		FC220A1C4F67F66A6481B979 /* Pods-FilmRecord-FilmRecordUITests.release.xcconfig */ = {isa = PBXFileReference; includeInIndex = 1; lastKnownFileType = text.xcconfig; name = "Pods-FilmRecord-FilmRecordUITests.release.xcconfig"; path = "Target Support Files/Pods-FilmRecord-FilmRecordUITests/Pods-FilmRecord-FilmRecordUITests.release.xcconfig"; sourceTree = "<group>"; };
/* End PBXFileReference section */

/* Begin PBXFrameworksBuildPhase section */
		A579422327EDF3CC000F233A /* Frameworks */ = {
			isa = PBXFrameworksBuildPhase;
			buildActionMask = 2147483647;
			files = (
				A586E3D8280D7541001474BF /* Toast in Frameworks */,
				A594B0F527EF5833001344A2 /* Cosmos in Frameworks */,
				A579427927EE0DAB000F233A /* Kingfisher in Frameworks */,
				A579427627EE0D84000F233A /* SnapKit in Frameworks */,
				409995154B5D0A532C364FBE /* Pods_FilmRecord.framework in Frameworks */,
				A5C2A87527F697D500225640 /* SideMenu in Frameworks */,
				A5DA055027FC179300EB3FF8 /* FSCalendar in Frameworks */,
				A579426827EE07EF000F233A /* Alamofire in Frameworks */,
			);
			runOnlyForDeploymentPostprocessing = 0;
		};
		A579423927EDF3CC000F233A /* Frameworks */ = {
			isa = PBXFrameworksBuildPhase;
			buildActionMask = 2147483647;
			files = (
				B189199CBFFEB0B44319BCA1 /* Pods_FilmRecordTests.framework in Frameworks */,
			);
			runOnlyForDeploymentPostprocessing = 0;
		};
		A579424327EDF3CD000F233A /* Frameworks */ = {
			isa = PBXFrameworksBuildPhase;
			buildActionMask = 2147483647;
			files = (
				5B936E43BD36F31CD75B9B91 /* Pods_FilmRecord_FilmRecordUITests.framework in Frameworks */,
			);
			runOnlyForDeploymentPostprocessing = 0;
		};
/* End PBXFrameworksBuildPhase section */

/* Begin PBXGroup section */
		A50E508227F2BAB50079AFEB /* Detail */ = {
			isa = PBXGroup;
			children = (
				A50E507E27F2BAA90079AFEB /* DetailViewController.swift */,
				A50E508027F2BAB10079AFEB /* DetailPresenter.swift */,
			);
			path = Detail;
			sourceTree = "<group>";
		};
		A513E84427F9C95F0084BD86 /* Favorite */ = {
			isa = PBXGroup;
			children = (
				A513E84027F9C94F0084BD86 /* FavoriteViewController.swift */,
				A513E84227F9C9580084BD86 /* FavoritePresenter.swift */,
				A513E84527F9CC870084BD86 /* FavoriteCollectionViewCell.swift */,
			);
			path = Favorite;
			sourceTree = "<group>";
		};
		A51575342807EDC400D94EE4 /* Util */ = {
			isa = PBXGroup;
			children = (
				A5E95185280ADFEA00748DCB /* Alert */,
				A5E95186280ADFFE00748DCB /* SendMailFailAlert */,
				A586E3D9280D7AB1001474BF /* Extension */,
				A5828A6827F5548C00DC89D3 /* PopUp */,
				A5FACB4327F0381D00DAB3AA /* StackView */,
				A586E3DC280D7AC5001474BF /* Toast */,
			);
			path = Util;
			sourceTree = "<group>";
		};
		A51575392807EF3F00D94EE4 /* Settings */ = {
			isa = PBXGroup;
			children = (
				A51575352807EF3400D94EE4 /* SettingsViewController.swift */,
				A51575372807EF3C00D94EE4 /* SettingsPresenter.swift */,
				A515753A2807F26D00D94EE4 /* SettingsTableViewCell.swift */,
				A586E3DF280D7DAF001474BF /* DarkMode */,
				A519F900281430E300D73BE4 /* Font */,
			);
			path = Settings;
			sourceTree = "<group>";
		};
		A519F8F628141CA700D73BE4 /* Source */ = {
			isa = PBXGroup;
			children = (
				A5C6678027F3ED5B0090B617 /* Fonts */,
				A519F8F928141CF000D73BE4 /* Keys */,
			);
			path = Source;
			sourceTree = "<group>";
		};
		A519F8F928141CF000D73BE4 /* Keys */ = {
			isa = PBXGroup;
			children = (
				A519F8F728141CD400D73BE4 /* NaverAPIKey.swift */,
			);
			path = Keys;
			sourceTree = "<group>";
		};
		A519F8FA28142E9C00D73BE4 /* Tests */ = {
			isa = PBXGroup;
			children = (
				A5A3C8CE2817A4CD00376C46 /* CalendarPresenterTests.swift */,
				A583514D2815345100B3082B /* DetailPresenterTests.swift */,
				A575A9E52816AA9100ACD091 /* EnterRatingPresenterTests.swift */,
				A5419BEB28180DA30044EEB4 /* FavoritePresenterTests.swift */,
				A579424027EDF3CC000F233A /* HomePresenterTests.swift */,
				A5A3C8CA2817993C00376C46 /* MenuPresenterTests.swift */,
				A583514F2815397D00B3082B /* MovieSearchPresenterTests.swift */,
				A5419BEF2818128B0044EEB4 /* ToWatchPresenterTests.swift */,
				A575A9E92816AD5D00ACD091 /* ReviewWritePresenterTests.swift */,
			);
			path = Tests;
			sourceTree = "<group>";
		};
		A519F8FB28142EA100D73BE4 /* Mocks */ = {
			isa = PBXGroup;
			children = (
				A5A3C8D02817B35900376C46 /* MockCalendarViewController.swift */,
				A5835151281539A400B3082B /* MockDetailViewController.swift */,
				A575A9E72816ACE100ACD091 /* MockEnterRatingViewController.swift */,
				A5419BED281812550044EEB4 /* MockFavoriteViewController.swift */,
				A519F8FC28142EBE00D73BE4 /* MockHomeViewController.swift */,
				A5A3C8CC2817A2DA00376C46 /* MockMenuViewController.swift */,
				A5835155281568F900B3082B /* MockMovieSearchManager.swift */,
				A5835153281568C500B3082B /* MockMovieSearchViewController.swift */,
				A519F8FE28142EF100D73BE4 /* MockUserDefaultsManager.swift */,
				A575A9EB2816B3E900ACD091 /* MockReviewWriteViewController.swift */,
			);
			path = Mocks;
			sourceTree = "<group>";
		};
		A519F900281430E300D73BE4 /* Font */ = {
			isa = PBXGroup;
			children = (
				A519F9012814312500D73BE4 /* FontViewController.swift */,
				A519F9032814314100D73BE4 /* FontPresenter.swift */,
				A519F9052814314A00D73BE4 /* FontTableViewCell.swift */,
			);
			path = Font;
			sourceTree = "<group>";
		};
		A579421D27EDF3CC000F233A = {
			isa = PBXGroup;
			children = (
				A579422827EDF3CC000F233A /* FilmRecord */,
				A579423F27EDF3CC000F233A /* FilmRecordTests */,
				A579424927EDF3CD000F233A /* FilmRecordUITests */,
				A579422727EDF3CC000F233A /* Products */,
				FE182396663A2D5D877511C4 /* Pods */,
				EE8F8CB4DF2413474654762D /* Frameworks */,
			);
			sourceTree = "<group>";
		};
		A579422727EDF3CC000F233A /* Products */ = {
			isa = PBXGroup;
			children = (
				A579422627EDF3CC000F233A /* FilmRecord.app */,
				A579423C27EDF3CC000F233A /* FilmRecordTests.xctest */,
				A579424627EDF3CD000F233A /* FilmRecordUITests.xctest */,
			);
			name = Products;
			sourceTree = "<group>";
		};
		A579422827EDF3CC000F233A /* FilmRecord */ = {
			isa = PBXGroup;
			children = (
				A579422927EDF3CC000F233A /* AppDelegate.swift */,
				A579422B27EDF3CC000F233A /* SceneDelegate.swift */,
				A579426527EE07AC000F233A /* Manager */,
				A579426D27EE0827000F233A /* Model */,
				A579425927EDF6D4000F233A /* Scene */,
				A519F8F628141CA700D73BE4 /* Source */,
				A51575342807EDC400D94EE4 /* Util */,
				A579423227EDF3CC000F233A /* Assets.xcassets */,
				A579423427EDF3CC000F233A /* LaunchScreen.storyboard */,
				A579423727EDF3CC000F233A /* Info.plist */,
			);
			path = FilmRecord;
			sourceTree = "<group>";
		};
		A579423F27EDF3CC000F233A /* FilmRecordTests */ = {
			isa = PBXGroup;
			children = (
				A519F8FB28142EA100D73BE4 /* Mocks */,
				A519F8FA28142E9C00D73BE4 /* Tests */,
			);
			path = FilmRecordTests;
			sourceTree = "<group>";
		};
		A579424927EDF3CD000F233A /* FilmRecordUITests */ = {
			isa = PBXGroup;
			children = (
				A579424A27EDF3CD000F233A /* FilmRecordUITests.swift */,
				A579424C27EDF3CD000F233A /* FilmRecordUITestsLaunchTests.swift */,
			);
			path = FilmRecordUITests;
			sourceTree = "<group>";
		};
		A579425927EDF6D4000F233A /* Scene */ = {
			isa = PBXGroup;
			children = (
				A5DA054727FC100900EB3FF8 /* Calendar */,
				A50E508227F2BAB50079AFEB /* Detail */,
				A594B0EC27EF3829001344A2 /* EnterRating */,
				A513E84427F9C95F0084BD86 /* Favorite */,
				A579425C27EDF6FF000F233A /* Home */,
				A5C2A87A27F6BE6A00225640 /* Menu */,
				A579426127EDFB49000F233A /* MovieSearch */,
				A51575392807EF3F00D94EE4 /* Settings */,
				A5AFFB0A27F7E09700FA078D /* ToWatch */,
				A5FACB4827F0384800DAB3AA /* ReviewWrite */,
			);
			path = Scene;
			sourceTree = "<group>";
		};
		A579425C27EDF6FF000F233A /* Home */ = {
			isa = PBXGroup;
			children = (
				A579422D27EDF3CC000F233A /* HomeViewController.swift */,
				A579425A27EDF6FB000F233A /* HomePresenter.swift */,
				A511197C27F1658D0061BBAD /* HomeCollectionViewCell.swift */,
			);
			path = Home;
			sourceTree = "<group>";
		};
		A579426127EDFB49000F233A /* MovieSearch */ = {
			isa = PBXGroup;
			children = (
				A579425D27EDFB27000F233A /* MovieSearchViewController.swift */,
				A579425F27EDFB45000F233A /* MovieSearchPresenter.swift */,
				A579427227EE0B9C000F233A /* MovieSearchCollectionViewCell.swift */,
			);
			path = MovieSearch;
			sourceTree = "<group>";
		};
		A579426527EE07AC000F233A /* Manager */ = {
			isa = PBXGroup;
			children = (
				A5C6678927F3EE290090B617 /* FontManager.swift */,
				A579426327EE07A7000F233A /* MovieSearchManager.swift */,
				A586E3E2280D7ED7001474BF /* DarkModeManager.swift */,
				A511197A27F1601C0061BBAD /* UserDefaultsManager.swift */,
			);
			path = Manager;
			sourceTree = "<group>";
		};
		A579426D27EE0827000F233A /* Model */ = {
			isa = PBXGroup;
			children = (
				A579426E27EE0884000F233A /* Movie.swift */,
				A579426927EE0817000F233A /* SearchMovieRequestModel.swift */,
				A579426B27EE0822000F233A /* SearchMovieResponseModel.swift */,
				A511197827F15B5A0061BBAD /* Review.swift */,
				A5AFFB0D27F7E76600FA078D /* Watch.swift */,
			);
			path = Model;
			sourceTree = "<group>";
		};
		A5828A6827F5548C00DC89D3 /* PopUp */ = {
			isa = PBXGroup;
			children = (
				A5C6678B27F413480090B617 /* PopUpViewController.swift */,
				A5828A6627F5547D00DC89D3 /* PopUpPresenter.swift */,
			);
			path = PopUp;
			sourceTree = "<group>";
		};
		A5828A6D27F58C6B00DC89D3 /* DeleteAlert */ = {
			isa = PBXGroup;
			children = (
				A5828A6927F58C2100DC89D3 /* DeleteAlertViewController.swift */,
				A5828A6B27F58C6400DC89D3 /* DeleteAlertPresenter.swift */,
			);
			path = DeleteAlert;
			sourceTree = "<group>";
		};
		A586E3D9280D7AB1001474BF /* Extension */ = {
			isa = PBXGroup;
			children = (
				A579427027EE08C8000F233A /* String+.swift */,
				A586E3E0280D7DE8001474BF /* Color+.swift */,
			);
			path = Extension;
			sourceTree = "<group>";
		};
		A586E3DC280D7AC5001474BF /* Toast */ = {
			isa = PBXGroup;
			children = (
				A586E3DA280D7AC2001474BF /* Toast.swift */,
			);
			path = Toast;
			sourceTree = "<group>";
		};
		A586E3DF280D7DAF001474BF /* DarkMode */ = {
			isa = PBXGroup;
			children = (
				A586E3DD280D7DA9001474BF /* DarkModeViewController.swift */,
				A586E3E6280D87F7001474BF /* DarkModePresenter.swift */,
				A586E3E8280D886C001474BF /* DarkModeTableViewCell.swift */,
			);
			path = DarkMode;
			sourceTree = "<group>";
		};
		A594B0EC27EF3829001344A2 /* EnterRating */ = {
			isa = PBXGroup;
			children = (
				A594B0E827EF374D001344A2 /* EnterRatingViewController.swift */,
				A594B0EA27EF3825001344A2 /* EnterRatingPresenter.swift */,
			);
			path = EnterRating;
			sourceTree = "<group>";
		};
		A5AFFB0A27F7E09700FA078D /* ToWatch */ = {
			isa = PBXGroup;
			children = (
				A5AFFB0627F7E06900FA078D /* ToWatchViewController.swift */,
				A5AFFB0827F7E09200FA078D /* ToWatchPresenter.swift */,
				A5AFFB0B27F7E45E00FA078D /* ToWatchTableViewCell.swift */,
			);
			path = ToWatch;
			sourceTree = "<group>";
		};
		A5C2A87A27F6BE6A00225640 /* Menu */ = {
			isa = PBXGroup;
			children = (
				A5C2A87627F6984D00225640 /* MenuNavigationController.swift */,
				A5C2A87827F69A9D00225640 /* MenuViewController.swift */,
				A5C2A87F27F6D25800225640 /* MenuPresenter.swift */,
				A5C2A87B27F6BE8300225640 /* MenuTableViewCell.swift */,
				A5C2A87D27F6C10C00225640 /* AppsTableViewCell.swift */,
			);
			path = Menu;
			sourceTree = "<group>";
		};
		A5C6678027F3ED5B0090B617 /* Fonts */ = {
			isa = PBXGroup;
			children = (
				A5628E2328181E8200A1D3D2 /* 국립공원반달이.otf */,
				A5628E2128181D8B00A1D3D2 /* 넥슨배찌체.otf */,
				A5628E1F28181C5B00A1D3D2 /* 고양체.otf */,
				A575A9FD2816D28400ACD091 /* 봉숭아틴트.ttf */,
				A575A9FB2816D0E900ACD091 /* 국립공원 꼬미.otf */,
				A575A9F12816CBD700ACD091 /* 칠백삼체 유서연.otf */,
				A575A9EF2816CA3300ACD091 /* 교보손글씨 2020 박도연.otf */,
				A5C6678327F3EDA60090B617 /* 교보손글씨.otf */,
				A5C6678427F3EDA60090B617 /* 이서연체.otf */,
			);
			path = Fonts;
			sourceTree = "<group>";
		};
		A5DA054727FC100900EB3FF8 /* Calendar */ = {
			isa = PBXGroup;
			children = (
				A5DA054327FC0FFA00EB3FF8 /* CalendarViewController.swift */,
				A5DA054527FC100500EB3FF8 /* CalendarPresenter.swift */,
				A52C888C27FDBB17004A0BE5 /* CalendarTableViewCell.swift */,
			);
			path = Calendar;
			sourceTree = "<group>";
		};
		A5E95185280ADFEA00748DCB /* Alert */ = {
			isa = PBXGroup;
			children = (
				A5EBAA3028104BEA00428454 /* DatePickerAlert */,
				A5828A6D27F58C6B00DC89D3 /* DeleteAlert */,
			);
			path = Alert;
			sourceTree = "<group>";
		};
		A5E95186280ADFFE00748DCB /* SendMailFailAlert */ = {
			isa = PBXGroup;
			children = (
				A5E95187280AE02600748DCB /* SendMailFailAlertViewController.swift */,
				A5E95189280AE92000748DCB /* SendMailFailPresenter.swift */,
			);
			path = SendMailFailAlert;
			sourceTree = "<group>";
		};
		A5EBAA3028104BEA00428454 /* DatePickerAlert */ = {
			isa = PBXGroup;
			children = (
				A5EBAA2C28104BBE00428454 /* DatePickerAlertViewController.swift */,
				A5EBAA2E28104BE600428454 /* DatePickerAlertPresenter.swift */,
			);
			path = DatePickerAlert;
			sourceTree = "<group>";
		};
		A5FACB4327F0381D00DAB3AA /* StackView */ = {
			isa = PBXGroup;
			children = (
				A594B0EF27EF4BA8001344A2 /* LabelHorizontalStackView.swift */,
				A594B0F127EF4EAD001344A2 /* ThreeRowVerticalStackView.swift */,
				A5FACB4927F03AA900DAB3AA /* TextFieldHorizontalStackView.swift */,
			);
			path = StackView;
			sourceTree = "<group>";
		};
		A5FACB4827F0384800DAB3AA /* ReviewWrite */ = {
			isa = PBXGroup;
			children = (
				A5FACB4427F0383700DAB3AA /* ReviewWriteViewController.swift */,
				A5FACB4627F0384200DAB3AA /* ReviewWritePresenter.swift */,
			);
			path = ReviewWrite;
			sourceTree = "<group>";
		};
		EE8F8CB4DF2413474654762D /* Frameworks */ = {
			isa = PBXGroup;
			children = (
				DBCD18786F2A450A22417FA9 /* Pods_FilmRecord.framework */,
				050C9511F0F994FE0381A9CD /* Pods_FilmRecord_FilmRecordUITests.framework */,
				1F573B33ACBFDCF01170FD98 /* Pods_FilmRecordTests.framework */,
			);
			name = Frameworks;
			sourceTree = "<group>";
		};
		FE182396663A2D5D877511C4 /* Pods */ = {
			isa = PBXGroup;
			children = (
				15AC9B1635105DB65C7ED2E1 /* Pods-FilmRecord.debug.xcconfig */,
				027098457CEFADAC81379FE2 /* Pods-FilmRecord.release.xcconfig */,
				B381680C404AA68A42D97F11 /* Pods-FilmRecord-FilmRecordUITests.debug.xcconfig */,
				FC220A1C4F67F66A6481B979 /* Pods-FilmRecord-FilmRecordUITests.release.xcconfig */,
				6B0FFA8A20824560C0CF4E25 /* Pods-FilmRecordTests.debug.xcconfig */,
				0B56D071920236C3847CBE7B /* Pods-FilmRecordTests.release.xcconfig */,
			);
			path = Pods;
			sourceTree = "<group>";
		};
/* End PBXGroup section */

/* Begin PBXNativeTarget section */
		A579422527EDF3CC000F233A /* FilmRecord */ = {
			isa = PBXNativeTarget;
			buildConfigurationList = A579425027EDF3CD000F233A /* Build configuration list for PBXNativeTarget "FilmRecord" */;
			buildPhases = (
				3CC77F907144AD3736CBD8DD /* [CP] Check Pods Manifest.lock */,
				A579422227EDF3CC000F233A /* Sources */,
				A579422327EDF3CC000F233A /* Frameworks */,
				A579422427EDF3CC000F233A /* Resources */,
				A579426227EE013C000F233A /* SwiftLint */,
			);
			buildRules = (
			);
			dependencies = (
			);
			name = FilmRecord;
			packageProductDependencies = (
				A579426727EE07EF000F233A /* Alamofire */,
				A579427527EE0D84000F233A /* SnapKit */,
				A579427827EE0DAB000F233A /* Kingfisher */,
				A594B0F427EF5833001344A2 /* Cosmos */,
				A5C2A87427F697D500225640 /* SideMenu */,
				A5DA054F27FC179300EB3FF8 /* FSCalendar */,
				A586E3D7280D7541001474BF /* Toast */,
			);
			productName = FilmRecord;
			productReference = A579422627EDF3CC000F233A /* FilmRecord.app */;
			productType = "com.apple.product-type.application";
		};
		A579423B27EDF3CC000F233A /* FilmRecordTests */ = {
			isa = PBXNativeTarget;
			buildConfigurationList = A579425327EDF3CD000F233A /* Build configuration list for PBXNativeTarget "FilmRecordTests" */;
			buildPhases = (
				72A81E07286EC297A16122AA /* [CP] Check Pods Manifest.lock */,
				A579423827EDF3CC000F233A /* Sources */,
				A579423927EDF3CC000F233A /* Frameworks */,
				A579423A27EDF3CC000F233A /* Resources */,
			);
			buildRules = (
			);
			dependencies = (
				A579423E27EDF3CC000F233A /* PBXTargetDependency */,
			);
			name = FilmRecordTests;
			productName = FilmRecordTests;
			productReference = A579423C27EDF3CC000F233A /* FilmRecordTests.xctest */;
			productType = "com.apple.product-type.bundle.unit-test";
		};
		A579424527EDF3CD000F233A /* FilmRecordUITests */ = {
			isa = PBXNativeTarget;
			buildConfigurationList = A579425627EDF3CD000F233A /* Build configuration list for PBXNativeTarget "FilmRecordUITests" */;
			buildPhases = (
				821AF727189573A3185153A6 /* [CP] Check Pods Manifest.lock */,
				A579424227EDF3CD000F233A /* Sources */,
				A579424327EDF3CD000F233A /* Frameworks */,
				A579424427EDF3CD000F233A /* Resources */,
			);
			buildRules = (
			);
			dependencies = (
				A579424827EDF3CD000F233A /* PBXTargetDependency */,
			);
			name = FilmRecordUITests;
			productName = FilmRecordUITests;
			productReference = A579424627EDF3CD000F233A /* FilmRecordUITests.xctest */;
			productType = "com.apple.product-type.bundle.ui-testing";
		};
/* End PBXNativeTarget section */

/* Begin PBXProject section */
		A579421E27EDF3CC000F233A /* Project object */ = {
			isa = PBXProject;
			attributes = {
				BuildIndependentTargetsInParallel = 1;
				LastSwiftUpdateCheck = 1330;
				LastUpgradeCheck = 1330;
				TargetAttributes = {
					A579422527EDF3CC000F233A = {
						CreatedOnToolsVersion = 13.3;
					};
					A579423B27EDF3CC000F233A = {
						CreatedOnToolsVersion = 13.3;
						TestTargetID = A579422527EDF3CC000F233A;
					};
					A579424527EDF3CD000F233A = {
						CreatedOnToolsVersion = 13.3;
						TestTargetID = A579422527EDF3CC000F233A;
					};
				};
			};
			buildConfigurationList = A579422127EDF3CC000F233A /* Build configuration list for PBXProject "FilmRecord" */;
			compatibilityVersion = "Xcode 13.0";
			developmentRegion = en;
			hasScannedForEncodings = 0;
			knownRegions = (
				en,
				Base,
			);
			mainGroup = A579421D27EDF3CC000F233A;
			packageReferences = (
				A579426627EE07EF000F233A /* XCRemoteSwiftPackageReference "Alamofire" */,
				A579427427EE0D84000F233A /* XCRemoteSwiftPackageReference "SnapKit" */,
				A579427727EE0DAB000F233A /* XCRemoteSwiftPackageReference "Kingfisher" */,
				A594B0F327EF5833001344A2 /* XCRemoteSwiftPackageReference "Cosmos" */,
				A5C2A87327F697D500225640 /* XCRemoteSwiftPackageReference "SideMenu" */,
				A5DA054E27FC179300EB3FF8 /* XCRemoteSwiftPackageReference "FSCalendar" */,
				A586E3D6280D7540001474BF /* XCRemoteSwiftPackageReference "Toast-Swift" */,
			);
			productRefGroup = A579422727EDF3CC000F233A /* Products */;
			projectDirPath = "";
			projectRoot = "";
			targets = (
				A579422527EDF3CC000F233A /* FilmRecord */,
				A579423B27EDF3CC000F233A /* FilmRecordTests */,
				A579424527EDF3CD000F233A /* FilmRecordUITests */,
			);
		};
/* End PBXProject section */

/* Begin PBXResourcesBuildPhase section */
		A579422427EDF3CC000F233A /* Resources */ = {
			isa = PBXResourcesBuildPhase;
			buildActionMask = 2147483647;
			files = (
				A575A9F02816CA3300ACD091 /* 교보손글씨 2020 박도연.otf in Resources */,
				A5628E2228181D8C00A1D3D2 /* 넥슨배찌체.otf in Resources */,
				A575A9FC2816D0E900ACD091 /* 국립공원 꼬미.otf in Resources */,
				A579423627EDF3CC000F233A /* LaunchScreen.storyboard in Resources */,
				A575A9FE2816D28400ACD091 /* 봉숭아틴트.ttf in Resources */,
				A5C6678827F3EDA60090B617 /* 이서연체.otf in Resources */,
				A5628E2028181C5B00A1D3D2 /* 고양체.otf in Resources */,
				A5628E2428181E8200A1D3D2 /* 국립공원반달이.otf in Resources */,
				A575A9F22816CBD700ACD091 /* 칠백삼체 유서연.otf in Resources */,
				A579423327EDF3CC000F233A /* Assets.xcassets in Resources */,
				A5C6678727F3EDA60090B617 /* 교보손글씨.otf in Resources */,
			);
			runOnlyForDeploymentPostprocessing = 0;
		};
		A579423A27EDF3CC000F233A /* Resources */ = {
			isa = PBXResourcesBuildPhase;
			buildActionMask = 2147483647;
			files = (
			);
			runOnlyForDeploymentPostprocessing = 0;
		};
		A579424427EDF3CD000F233A /* Resources */ = {
			isa = PBXResourcesBuildPhase;
			buildActionMask = 2147483647;
			files = (
			);
			runOnlyForDeploymentPostprocessing = 0;
		};
/* End PBXResourcesBuildPhase section */

/* Begin PBXShellScriptBuildPhase section */
		3CC77F907144AD3736CBD8DD /* [CP] Check Pods Manifest.lock */ = {
			isa = PBXShellScriptBuildPhase;
			buildActionMask = 2147483647;
			files = (
			);
			inputFileListPaths = (
			);
			inputPaths = (
				"${PODS_PODFILE_DIR_PATH}/Podfile.lock",
				"${PODS_ROOT}/Manifest.lock",
			);
			name = "[CP] Check Pods Manifest.lock";
			outputFileListPaths = (
			);
			outputPaths = (
				"$(DERIVED_FILE_DIR)/Pods-FilmRecord-checkManifestLockResult.txt",
			);
			runOnlyForDeploymentPostprocessing = 0;
			shellPath = /bin/sh;
			shellScript = "diff \"${PODS_PODFILE_DIR_PATH}/Podfile.lock\" \"${PODS_ROOT}/Manifest.lock\" > /dev/null\nif [ $? != 0 ] ; then\n    # print error to STDERR\n    echo \"error: The sandbox is not in sync with the Podfile.lock. Run 'pod install' or update your CocoaPods installation.\" >&2\n    exit 1\nfi\n# This output is used by Xcode 'outputs' to avoid re-running this script phase.\necho \"SUCCESS\" > \"${SCRIPT_OUTPUT_FILE_0}\"\n";
			showEnvVarsInLog = 0;
		};
		72A81E07286EC297A16122AA /* [CP] Check Pods Manifest.lock */ = {
			isa = PBXShellScriptBuildPhase;
			buildActionMask = 2147483647;
			files = (
			);
			inputFileListPaths = (
			);
			inputPaths = (
				"${PODS_PODFILE_DIR_PATH}/Podfile.lock",
				"${PODS_ROOT}/Manifest.lock",
			);
			name = "[CP] Check Pods Manifest.lock";
			outputFileListPaths = (
			);
			outputPaths = (
				"$(DERIVED_FILE_DIR)/Pods-FilmRecordTests-checkManifestLockResult.txt",
			);
			runOnlyForDeploymentPostprocessing = 0;
			shellPath = /bin/sh;
			shellScript = "diff \"${PODS_PODFILE_DIR_PATH}/Podfile.lock\" \"${PODS_ROOT}/Manifest.lock\" > /dev/null\nif [ $? != 0 ] ; then\n    # print error to STDERR\n    echo \"error: The sandbox is not in sync with the Podfile.lock. Run 'pod install' or update your CocoaPods installation.\" >&2\n    exit 1\nfi\n# This output is used by Xcode 'outputs' to avoid re-running this script phase.\necho \"SUCCESS\" > \"${SCRIPT_OUTPUT_FILE_0}\"\n";
			showEnvVarsInLog = 0;
		};
		821AF727189573A3185153A6 /* [CP] Check Pods Manifest.lock */ = {
			isa = PBXShellScriptBuildPhase;
			buildActionMask = 2147483647;
			files = (
			);
			inputFileListPaths = (
			);
			inputPaths = (
				"${PODS_PODFILE_DIR_PATH}/Podfile.lock",
				"${PODS_ROOT}/Manifest.lock",
			);
			name = "[CP] Check Pods Manifest.lock";
			outputFileListPaths = (
			);
			outputPaths = (
				"$(DERIVED_FILE_DIR)/Pods-FilmRecord-FilmRecordUITests-checkManifestLockResult.txt",
			);
			runOnlyForDeploymentPostprocessing = 0;
			shellPath = /bin/sh;
			shellScript = "diff \"${PODS_PODFILE_DIR_PATH}/Podfile.lock\" \"${PODS_ROOT}/Manifest.lock\" > /dev/null\nif [ $? != 0 ] ; then\n    # print error to STDERR\n    echo \"error: The sandbox is not in sync with the Podfile.lock. Run 'pod install' or update your CocoaPods installation.\" >&2\n    exit 1\nfi\n# This output is used by Xcode 'outputs' to avoid re-running this script phase.\necho \"SUCCESS\" > \"${SCRIPT_OUTPUT_FILE_0}\"\n";
			showEnvVarsInLog = 0;
		};
		A579426227EE013C000F233A /* SwiftLint */ = {
			isa = PBXShellScriptBuildPhase;
			buildActionMask = 2147483647;
			files = (
			);
			inputFileListPaths = (
			);
			inputPaths = (
			);
			name = SwiftLint;
			outputFileListPaths = (
			);
			outputPaths = (
			);
			runOnlyForDeploymentPostprocessing = 0;
			shellPath = /bin/sh;
			shellScript = "\"${PODS_ROOT}/SwiftLint/swiftlint\"\n";
		};
/* End PBXShellScriptBuildPhase section */

/* Begin PBXSourcesBuildPhase section */
		A579422227EDF3CC000F233A /* Sources */ = {
			isa = PBXSourcesBuildPhase;
			buildActionMask = 2147483647;
			files = (
				A594B0F027EF4BA8001344A2 /* LabelHorizontalStackView.swift in Sources */,
				A579426A27EE0817000F233A /* SearchMovieRequestModel.swift in Sources */,
				A586E3DE280D7DA9001474BF /* DarkModeViewController.swift in Sources */,
				A513E84327F9C9580084BD86 /* FavoritePresenter.swift in Sources */,
				A5AFFB0727F7E06900FA078D /* ToWatchViewController.swift in Sources */,
				A50E507F27F2BAA90079AFEB /* DetailViewController.swift in Sources */,
				A5C2A87927F69A9D00225640 /* MenuViewController.swift in Sources */,
				A579422E27EDF3CC000F233A /* HomeViewController.swift in Sources */,
				A579422A27EDF3CC000F233A /* AppDelegate.swift in Sources */,
				A515753B2807F26D00D94EE4 /* SettingsTableViewCell.swift in Sources */,
				A51575362807EF3400D94EE4 /* SettingsViewController.swift in Sources */,
				A5C6678A27F3EE290090B617 /* FontManager.swift in Sources */,
				A5EBAA2D28104BBE00428454 /* DatePickerAlertViewController.swift in Sources */,
				A579422C27EDF3CC000F233A /* SceneDelegate.swift in Sources */,
				A5DA054627FC100500EB3FF8 /* CalendarPresenter.swift in Sources */,
				A5C6678C27F413480090B617 /* PopUpViewController.swift in Sources */,
				A5828A6A27F58C2100DC89D3 /* DeleteAlertViewController.swift in Sources */,
				A519F9062814314A00D73BE4 /* FontTableViewCell.swift in Sources */,
				A5DA054427FC0FFA00EB3FF8 /* CalendarViewController.swift in Sources */,
				A5C2A87C27F6BE8300225640 /* MenuTableViewCell.swift in Sources */,
				A513E84627F9CC870084BD86 /* FavoriteCollectionViewCell.swift in Sources */,
				A5828A6727F5547D00DC89D3 /* PopUpPresenter.swift in Sources */,
				A5E95188280AE02600748DCB /* SendMailFailAlertViewController.swift in Sources */,
				A511197927F15B5A0061BBAD /* Review.swift in Sources */,
				A51575382807EF3C00D94EE4 /* SettingsPresenter.swift in Sources */,
				A594B0F227EF4EAD001344A2 /* ThreeRowVerticalStackView.swift in Sources */,
				A519F8F828141CD400D73BE4 /* NaverAPIKey.swift in Sources */,
				A586E3E7280D87F7001474BF /* DarkModePresenter.swift in Sources */,
				A52C888D27FDBB17004A0BE5 /* CalendarTableViewCell.swift in Sources */,
				A586E3E3280D7ED7001474BF /* DarkModeManager.swift in Sources */,
				A5FACB4727F0384200DAB3AA /* ReviewWritePresenter.swift in Sources */,
				A579426F27EE0884000F233A /* Movie.swift in Sources */,
				A5828A6C27F58C6400DC89D3 /* DeleteAlertPresenter.swift in Sources */,
				A579426027EDFB45000F233A /* MovieSearchPresenter.swift in Sources */,
				A50E508127F2BAB10079AFEB /* DetailPresenter.swift in Sources */,
				A579426427EE07A7000F233A /* MovieSearchManager.swift in Sources */,
				A579427327EE0B9C000F233A /* MovieSearchCollectionViewCell.swift in Sources */,
				A513E84127F9C94F0084BD86 /* FavoriteViewController.swift in Sources */,
				A579427127EE08C8000F233A /* String+.swift in Sources */,
				A579425B27EDF6FB000F233A /* HomePresenter.swift in Sources */,
				A579426C27EE0822000F233A /* SearchMovieResponseModel.swift in Sources */,
				A5EBAA2F28104BE600428454 /* DatePickerAlertPresenter.swift in Sources */,
				A579425E27EDFB27000F233A /* MovieSearchViewController.swift in Sources */,
				A5E9518A280AE92000748DCB /* SendMailFailPresenter.swift in Sources */,
				A5C2A88027F6D25800225640 /* MenuPresenter.swift in Sources */,
				A5FACB4A27F03AA900DAB3AA /* TextFieldHorizontalStackView.swift in Sources */,
				A519F9042814314100D73BE4 /* FontPresenter.swift in Sources */,
				A511197D27F1658D0061BBAD /* HomeCollectionViewCell.swift in Sources */,
				A586E3E9280D886C001474BF /* DarkModeTableViewCell.swift in Sources */,
				A511197B27F1601C0061BBAD /* UserDefaultsManager.swift in Sources */,
				A5C2A87E27F6C10C00225640 /* AppsTableViewCell.swift in Sources */,
				A5FACB4527F0383700DAB3AA /* ReviewWriteViewController.swift in Sources */,
				A5C2A87727F6984D00225640 /* MenuNavigationController.swift in Sources */,
				A594B0EB27EF3825001344A2 /* EnterRatingPresenter.swift in Sources */,
				A594B0E927EF374D001344A2 /* EnterRatingViewController.swift in Sources */,
				A5AFFB0C27F7E45E00FA078D /* ToWatchTableViewCell.swift in Sources */,
				A586E3DB280D7AC2001474BF /* Toast.swift in Sources */,
				A586E3E1280D7DE8001474BF /* Color+.swift in Sources */,
				A5AFFB0927F7E09200FA078D /* ToWatchPresenter.swift in Sources */,
				A5AFFB0E27F7E76600FA078D /* Watch.swift in Sources */,
				A519F9022814312500D73BE4 /* FontViewController.swift in Sources */,
			);
			runOnlyForDeploymentPostprocessing = 0;
		};
		A579423827EDF3CC000F233A /* Sources */ = {
			isa = PBXSourcesBuildPhase;
			buildActionMask = 2147483647;
			files = (
				A58351502815397D00B3082B /* MovieSearchPresenterTests.swift in Sources */,
				A579424127EDF3CC000F233A /* HomePresenterTests.swift in Sources */,
				A5419BEE281812550044EEB4 /* MockFavoriteViewController.swift in Sources */,
				A5835156281568F900B3082B /* MockMovieSearchManager.swift in Sources */,
				A519F8FD28142EBE00D73BE4 /* MockHomeViewController.swift in Sources */,
				A575A9EC2816B3E900ACD091 /* MockReviewWriteViewController.swift in Sources */,
				A5A3C8CF2817A4CD00376C46 /* CalendarPresenterTests.swift in Sources */,
				A575A9E82816ACE100ACD091 /* MockEnterRatingViewController.swift in Sources */,
				A519F8FF28142EF100D73BE4 /* MockUserDefaultsManager.swift in Sources */,
				A583514E2815345100B3082B /* DetailPresenterTests.swift in Sources */,
				A5835152281539A400B3082B /* MockDetailViewController.swift in Sources */,
				A5A3C8CB2817993C00376C46 /* MenuPresenterTests.swift in Sources */,
				A5835154281568C500B3082B /* MockMovieSearchViewController.swift in Sources */,
				A5A3C8D12817B35900376C46 /* MockCalendarViewController.swift in Sources */,
				A5A3C8CD2817A2DA00376C46 /* MockMenuViewController.swift in Sources */,
				A5419BF02818128B0044EEB4 /* ToWatchPresenterTests.swift in Sources */,
				A575A9E62816AA9100ACD091 /* EnterRatingPresenterTests.swift in Sources */,
				A5419BEC28180DA30044EEB4 /* FavoritePresenterTests.swift in Sources */,
				A575A9EA2816AD5D00ACD091 /* ReviewWritePresenterTests.swift in Sources */,
			);
			runOnlyForDeploymentPostprocessing = 0;
		};
		A579424227EDF3CD000F233A /* Sources */ = {
			isa = PBXSourcesBuildPhase;
			buildActionMask = 2147483647;
			files = (
				A579424B27EDF3CD000F233A /* FilmRecordUITests.swift in Sources */,
				A579424D27EDF3CD000F233A /* FilmRecordUITestsLaunchTests.swift in Sources */,
			);
			runOnlyForDeploymentPostprocessing = 0;
		};
/* End PBXSourcesBuildPhase section */

/* Begin PBXTargetDependency section */
		A579423E27EDF3CC000F233A /* PBXTargetDependency */ = {
			isa = PBXTargetDependency;
			target = A579422527EDF3CC000F233A /* FilmRecord */;
			targetProxy = A579423D27EDF3CC000F233A /* PBXContainerItemProxy */;
		};
		A579424827EDF3CD000F233A /* PBXTargetDependency */ = {
			isa = PBXTargetDependency;
			target = A579422527EDF3CC000F233A /* FilmRecord */;
			targetProxy = A579424727EDF3CD000F233A /* PBXContainerItemProxy */;
		};
/* End PBXTargetDependency section */

/* Begin PBXVariantGroup section */
		A579423427EDF3CC000F233A /* LaunchScreen.storyboard */ = {
			isa = PBXVariantGroup;
			children = (
				A579423527EDF3CC000F233A /* Base */,
			);
			name = LaunchScreen.storyboard;
			sourceTree = "<group>";
		};
/* End PBXVariantGroup section */

/* Begin XCBuildConfiguration section */
		A579424E27EDF3CD000F233A /* Debug */ = {
			isa = XCBuildConfiguration;
			buildSettings = {
				ALWAYS_SEARCH_USER_PATHS = NO;
				CLANG_ANALYZER_NONNULL = YES;
				CLANG_ANALYZER_NUMBER_OBJECT_CONVERSION = YES_AGGRESSIVE;
				CLANG_CXX_LANGUAGE_STANDARD = "gnu++17";
				CLANG_ENABLE_MODULES = YES;
				CLANG_ENABLE_OBJC_ARC = YES;
				CLANG_ENABLE_OBJC_WEAK = YES;
				CLANG_WARN_BLOCK_CAPTURE_AUTORELEASING = YES;
				CLANG_WARN_BOOL_CONVERSION = YES;
				CLANG_WARN_COMMA = YES;
				CLANG_WARN_CONSTANT_CONVERSION = YES;
				CLANG_WARN_DEPRECATED_OBJC_IMPLEMENTATIONS = YES;
				CLANG_WARN_DIRECT_OBJC_ISA_USAGE = YES_ERROR;
				CLANG_WARN_DOCUMENTATION_COMMENTS = YES;
				CLANG_WARN_EMPTY_BODY = YES;
				CLANG_WARN_ENUM_CONVERSION = YES;
				CLANG_WARN_INFINITE_RECURSION = YES;
				CLANG_WARN_INT_CONVERSION = YES;
				CLANG_WARN_NON_LITERAL_NULL_CONVERSION = YES;
				CLANG_WARN_OBJC_IMPLICIT_RETAIN_SELF = YES;
				CLANG_WARN_OBJC_LITERAL_CONVERSION = YES;
				CLANG_WARN_OBJC_ROOT_CLASS = YES_ERROR;
				CLANG_WARN_QUOTED_INCLUDE_IN_FRAMEWORK_HEADER = YES;
				CLANG_WARN_RANGE_LOOP_ANALYSIS = YES;
				CLANG_WARN_STRICT_PROTOTYPES = YES;
				CLANG_WARN_SUSPICIOUS_MOVE = YES;
				CLANG_WARN_UNGUARDED_AVAILABILITY = YES_AGGRESSIVE;
				CLANG_WARN_UNREACHABLE_CODE = YES;
				CLANG_WARN__DUPLICATE_METHOD_MATCH = YES;
				COPY_PHASE_STRIP = NO;
				DEBUG_INFORMATION_FORMAT = dwarf;
				ENABLE_STRICT_OBJC_MSGSEND = YES;
				ENABLE_TESTABILITY = YES;
				GCC_C_LANGUAGE_STANDARD = gnu11;
				GCC_DYNAMIC_NO_PIC = NO;
				GCC_NO_COMMON_BLOCKS = YES;
				GCC_OPTIMIZATION_LEVEL = 0;
				GCC_PREPROCESSOR_DEFINITIONS = (
					"DEBUG=1",
					"$(inherited)",
				);
				GCC_WARN_64_TO_32_BIT_CONVERSION = YES;
				GCC_WARN_ABOUT_RETURN_TYPE = YES_ERROR;
				GCC_WARN_UNDECLARED_SELECTOR = YES;
				GCC_WARN_UNINITIALIZED_AUTOS = YES_AGGRESSIVE;
				GCC_WARN_UNUSED_FUNCTION = YES;
				GCC_WARN_UNUSED_VARIABLE = YES;
				IPHONEOS_DEPLOYMENT_TARGET = 14.1;
				MTL_ENABLE_DEBUG_INFO = INCLUDE_SOURCE;
				MTL_FAST_MATH = YES;
				ONLY_ACTIVE_ARCH = YES;
				SDKROOT = iphoneos;
				SWIFT_ACTIVE_COMPILATION_CONDITIONS = DEBUG;
				SWIFT_OPTIMIZATION_LEVEL = "-Onone";
			};
			name = Debug;
		};
		A579424F27EDF3CD000F233A /* Release */ = {
			isa = XCBuildConfiguration;
			buildSettings = {
				ALWAYS_SEARCH_USER_PATHS = NO;
				CLANG_ANALYZER_NONNULL = YES;
				CLANG_ANALYZER_NUMBER_OBJECT_CONVERSION = YES_AGGRESSIVE;
				CLANG_CXX_LANGUAGE_STANDARD = "gnu++17";
				CLANG_ENABLE_MODULES = YES;
				CLANG_ENABLE_OBJC_ARC = YES;
				CLANG_ENABLE_OBJC_WEAK = YES;
				CLANG_WARN_BLOCK_CAPTURE_AUTORELEASING = YES;
				CLANG_WARN_BOOL_CONVERSION = YES;
				CLANG_WARN_COMMA = YES;
				CLANG_WARN_CONSTANT_CONVERSION = YES;
				CLANG_WARN_DEPRECATED_OBJC_IMPLEMENTATIONS = YES;
				CLANG_WARN_DIRECT_OBJC_ISA_USAGE = YES_ERROR;
				CLANG_WARN_DOCUMENTATION_COMMENTS = YES;
				CLANG_WARN_EMPTY_BODY = YES;
				CLANG_WARN_ENUM_CONVERSION = YES;
				CLANG_WARN_INFINITE_RECURSION = YES;
				CLANG_WARN_INT_CONVERSION = YES;
				CLANG_WARN_NON_LITERAL_NULL_CONVERSION = YES;
				CLANG_WARN_OBJC_IMPLICIT_RETAIN_SELF = YES;
				CLANG_WARN_OBJC_LITERAL_CONVERSION = YES;
				CLANG_WARN_OBJC_ROOT_CLASS = YES_ERROR;
				CLANG_WARN_QUOTED_INCLUDE_IN_FRAMEWORK_HEADER = YES;
				CLANG_WARN_RANGE_LOOP_ANALYSIS = YES;
				CLANG_WARN_STRICT_PROTOTYPES = YES;
				CLANG_WARN_SUSPICIOUS_MOVE = YES;
				CLANG_WARN_UNGUARDED_AVAILABILITY = YES_AGGRESSIVE;
				CLANG_WARN_UNREACHABLE_CODE = YES;
				CLANG_WARN__DUPLICATE_METHOD_MATCH = YES;
				COPY_PHASE_STRIP = NO;
				DEBUG_INFORMATION_FORMAT = "dwarf-with-dsym";
				ENABLE_NS_ASSERTIONS = NO;
				ENABLE_STRICT_OBJC_MSGSEND = YES;
				GCC_C_LANGUAGE_STANDARD = gnu11;
				GCC_NO_COMMON_BLOCKS = YES;
				GCC_WARN_64_TO_32_BIT_CONVERSION = YES;
				GCC_WARN_ABOUT_RETURN_TYPE = YES_ERROR;
				GCC_WARN_UNDECLARED_SELECTOR = YES;
				GCC_WARN_UNINITIALIZED_AUTOS = YES_AGGRESSIVE;
				GCC_WARN_UNUSED_FUNCTION = YES;
				GCC_WARN_UNUSED_VARIABLE = YES;
				IPHONEOS_DEPLOYMENT_TARGET = 14.1;
				MTL_ENABLE_DEBUG_INFO = NO;
				MTL_FAST_MATH = YES;
				SDKROOT = iphoneos;
				SWIFT_COMPILATION_MODE = wholemodule;
				SWIFT_OPTIMIZATION_LEVEL = "-O";
				VALIDATE_PRODUCT = YES;
			};
			name = Release;
		};
		A579425127EDF3CD000F233A /* Debug */ = {
			isa = XCBuildConfiguration;
			baseConfigurationReference = 15AC9B1635105DB65C7ED2E1 /* Pods-FilmRecord.debug.xcconfig */;
			buildSettings = {
				ASSETCATALOG_COMPILER_APPICON_NAME = AppIcon;
				ASSETCATALOG_COMPILER_GLOBAL_ACCENT_COLOR_NAME = AccentColor;
				CODE_SIGN_STYLE = Automatic;
				CURRENT_PROJECT_VERSION = 1;
				DEVELOPMENT_TEAM = MZ4WUT4W35;
				GENERATE_INFOPLIST_FILE = YES;
				INFOPLIST_FILE = FilmRecord/Info.plist;
				INFOPLIST_KEY_UIApplicationSupportsIndirectInputEvents = YES;
				INFOPLIST_KEY_UILaunchStoryboardName = LaunchScreen;
				INFOPLIST_KEY_UISupportedInterfaceOrientations_iPad = "UIInterfaceOrientationPortrait UIInterfaceOrientationPortraitUpsideDown UIInterfaceOrientationLandscapeLeft UIInterfaceOrientationLandscapeRight";
				INFOPLIST_KEY_UISupportedInterfaceOrientations_iPhone = "UIInterfaceOrientationPortrait UIInterfaceOrientationLandscapeLeft UIInterfaceOrientationLandscapeRight";
				LD_RUNPATH_SEARCH_PATHS = (
					"$(inherited)",
					"@executable_path/Frameworks",
				);
				MARKETING_VERSION = 1.0.0;
				PRODUCT_BUNDLE_IDENTIFIER = com.alswl.FilmRecord;
				PRODUCT_NAME = "$(TARGET_NAME)";
				SWIFT_EMIT_LOC_STRINGS = YES;
				SWIFT_VERSION = 5.0;
				TARGETED_DEVICE_FAMILY = "1,2";
			};
			name = Debug;
		};
		A579425227EDF3CD000F233A /* Release */ = {
			isa = XCBuildConfiguration;
			baseConfigurationReference = 027098457CEFADAC81379FE2 /* Pods-FilmRecord.release.xcconfig */;
			buildSettings = {
				ASSETCATALOG_COMPILER_APPICON_NAME = AppIcon;
				ASSETCATALOG_COMPILER_GLOBAL_ACCENT_COLOR_NAME = AccentColor;
				CODE_SIGN_STYLE = Automatic;
				CURRENT_PROJECT_VERSION = 1;
				DEVELOPMENT_TEAM = MZ4WUT4W35;
				GENERATE_INFOPLIST_FILE = YES;
				INFOPLIST_FILE = FilmRecord/Info.plist;
				INFOPLIST_KEY_UIApplicationSupportsIndirectInputEvents = YES;
				INFOPLIST_KEY_UILaunchStoryboardName = LaunchScreen;
				INFOPLIST_KEY_UISupportedInterfaceOrientations_iPad = "UIInterfaceOrientationPortrait UIInterfaceOrientationPortraitUpsideDown UIInterfaceOrientationLandscapeLeft UIInterfaceOrientationLandscapeRight";
				INFOPLIST_KEY_UISupportedInterfaceOrientations_iPhone = "UIInterfaceOrientationPortrait UIInterfaceOrientationLandscapeLeft UIInterfaceOrientationLandscapeRight";
				LD_RUNPATH_SEARCH_PATHS = (
					"$(inherited)",
					"@executable_path/Frameworks",
				);
				MARKETING_VERSION = 1.0.0;
				PRODUCT_BUNDLE_IDENTIFIER = com.alswl.FilmRecord;
				PRODUCT_NAME = "$(TARGET_NAME)";
				SWIFT_EMIT_LOC_STRINGS = YES;
				SWIFT_VERSION = 5.0;
				TARGETED_DEVICE_FAMILY = "1,2";
			};
			name = Release;
		};
		A579425427EDF3CD000F233A /* Debug */ = {
			isa = XCBuildConfiguration;
			baseConfigurationReference = 6B0FFA8A20824560C0CF4E25 /* Pods-FilmRecordTests.debug.xcconfig */;
			buildSettings = {
				ALWAYS_EMBED_SWIFT_STANDARD_LIBRARIES = YES;
				BUNDLE_LOADER = "$(TEST_HOST)";
				CODE_SIGN_STYLE = Automatic;
				CURRENT_PROJECT_VERSION = 1;
				DEVELOPMENT_TEAM = MZ4WUT4W35;
				GENERATE_INFOPLIST_FILE = YES;
				IPHONEOS_DEPLOYMENT_TARGET = 15.4;
				MARKETING_VERSION = 1.0;
				PRODUCT_BUNDLE_IDENTIFIER = com.alswl.FilmRecordTests;
				PRODUCT_NAME = "$(TARGET_NAME)";
				SWIFT_EMIT_LOC_STRINGS = NO;
				SWIFT_VERSION = 5.0;
				TARGETED_DEVICE_FAMILY = "1,2";
				TEST_HOST = "$(BUILT_PRODUCTS_DIR)/FilmRecord.app/FilmRecord";
			};
			name = Debug;
		};
		A579425527EDF3CD000F233A /* Release */ = {
			isa = XCBuildConfiguration;
			baseConfigurationReference = 0B56D071920236C3847CBE7B /* Pods-FilmRecordTests.release.xcconfig */;
			buildSettings = {
				ALWAYS_EMBED_SWIFT_STANDARD_LIBRARIES = YES;
				BUNDLE_LOADER = "$(TEST_HOST)";
				CODE_SIGN_STYLE = Automatic;
				CURRENT_PROJECT_VERSION = 1;
				DEVELOPMENT_TEAM = MZ4WUT4W35;
				GENERATE_INFOPLIST_FILE = YES;
				IPHONEOS_DEPLOYMENT_TARGET = 15.4;
				MARKETING_VERSION = 1.0;
				PRODUCT_BUNDLE_IDENTIFIER = com.alswl.FilmRecordTests;
				PRODUCT_NAME = "$(TARGET_NAME)";
				SWIFT_EMIT_LOC_STRINGS = NO;
				SWIFT_VERSION = 5.0;
				TARGETED_DEVICE_FAMILY = "1,2";
				TEST_HOST = "$(BUILT_PRODUCTS_DIR)/FilmRecord.app/FilmRecord";
			};
			name = Release;
		};
		A579425727EDF3CD000F233A /* Debug */ = {
			isa = XCBuildConfiguration;
			baseConfigurationReference = B381680C404AA68A42D97F11 /* Pods-FilmRecord-FilmRecordUITests.debug.xcconfig */;
			buildSettings = {
				ALWAYS_EMBED_SWIFT_STANDARD_LIBRARIES = YES;
				CODE_SIGN_STYLE = Automatic;
				CURRENT_PROJECT_VERSION = 1;
				DEVELOPMENT_TEAM = MZ4WUT4W35;
				GENERATE_INFOPLIST_FILE = YES;
				MARKETING_VERSION = 1.0;
				PRODUCT_BUNDLE_IDENTIFIER = com.alswl.FilmRecordUITests;
				PRODUCT_NAME = "$(TARGET_NAME)";
				SWIFT_EMIT_LOC_STRINGS = NO;
				SWIFT_VERSION = 5.0;
				TARGETED_DEVICE_FAMILY = "1,2";
				TEST_TARGET_NAME = FilmRecord;
			};
			name = Debug;
		};
		A579425827EDF3CD000F233A /* Release */ = {
			isa = XCBuildConfiguration;
			baseConfigurationReference = FC220A1C4F67F66A6481B979 /* Pods-FilmRecord-FilmRecordUITests.release.xcconfig */;
			buildSettings = {
				ALWAYS_EMBED_SWIFT_STANDARD_LIBRARIES = YES;
				CODE_SIGN_STYLE = Automatic;
				CURRENT_PROJECT_VERSION = 1;
				DEVELOPMENT_TEAM = MZ4WUT4W35;
				GENERATE_INFOPLIST_FILE = YES;
				MARKETING_VERSION = 1.0;
				PRODUCT_BUNDLE_IDENTIFIER = com.alswl.FilmRecordUITests;
				PRODUCT_NAME = "$(TARGET_NAME)";
				SWIFT_EMIT_LOC_STRINGS = NO;
				SWIFT_VERSION = 5.0;
				TARGETED_DEVICE_FAMILY = "1,2";
				TEST_TARGET_NAME = FilmRecord;
			};
			name = Release;
		};
/* End XCBuildConfiguration section */

/* Begin XCConfigurationList section */
		A579422127EDF3CC000F233A /* Build configuration list for PBXProject "FilmRecord" */ = {
			isa = XCConfigurationList;
			buildConfigurations = (
				A579424E27EDF3CD000F233A /* Debug */,
				A579424F27EDF3CD000F233A /* Release */,
			);
			defaultConfigurationIsVisible = 0;
			defaultConfigurationName = Release;
		};
		A579425027EDF3CD000F233A /* Build configuration list for PBXNativeTarget "FilmRecord" */ = {
			isa = XCConfigurationList;
			buildConfigurations = (
				A579425127EDF3CD000F233A /* Debug */,
				A579425227EDF3CD000F233A /* Release */,
			);
			defaultConfigurationIsVisible = 0;
			defaultConfigurationName = Release;
		};
		A579425327EDF3CD000F233A /* Build configuration list for PBXNativeTarget "FilmRecordTests" */ = {
			isa = XCConfigurationList;
			buildConfigurations = (
				A579425427EDF3CD000F233A /* Debug */,
				A579425527EDF3CD000F233A /* Release */,
			);
			defaultConfigurationIsVisible = 0;
			defaultConfigurationName = Release;
		};
		A579425627EDF3CD000F233A /* Build configuration list for PBXNativeTarget "FilmRecordUITests" */ = {
			isa = XCConfigurationList;
			buildConfigurations = (
				A579425727EDF3CD000F233A /* Debug */,
				A579425827EDF3CD000F233A /* Release */,
			);
			defaultConfigurationIsVisible = 0;
			defaultConfigurationName = Release;
		};
/* End XCConfigurationList section */

/* Begin XCRemoteSwiftPackageReference section */
		A579426627EE07EF000F233A /* XCRemoteSwiftPackageReference "Alamofire" */ = {
			isa = XCRemoteSwiftPackageReference;
			repositoryURL = "https://github.com/Alamofire/Alamofire.git";
			requirement = {
				kind = upToNextMajorVersion;
				minimumVersion = 5.5.0;
			};
		};
		A579427427EE0D84000F233A /* XCRemoteSwiftPackageReference "SnapKit" */ = {
			isa = XCRemoteSwiftPackageReference;
			repositoryURL = "https://github.com/SnapKit/SnapKit.git";
			requirement = {
				kind = upToNextMajorVersion;
				minimumVersion = 5.0.1;
			};
		};
		A579427727EE0DAB000F233A /* XCRemoteSwiftPackageReference "Kingfisher" */ = {
			isa = XCRemoteSwiftPackageReference;
			repositoryURL = "https://github.com/onevcat/Kingfisher.git";
			requirement = {
				kind = upToNextMajorVersion;
				minimumVersion = 7.0.0;
			};
		};
		A586E3D6280D7540001474BF /* XCRemoteSwiftPackageReference "Toast-Swift" */ = {
			isa = XCRemoteSwiftPackageReference;
			repositoryURL = "https://github.com/scalessec/Toast-Swift";
			requirement = {
				kind = upToNextMajorVersion;
				minimumVersion = 5.0.0;
			};
		};
		A594B0F327EF5833001344A2 /* XCRemoteSwiftPackageReference "Cosmos" */ = {
			isa = XCRemoteSwiftPackageReference;
			repositoryURL = "https://github.com/evgenyneu/Cosmos.git";
			requirement = {
				kind = upToNextMajorVersion;
				minimumVersion = 23.0.0;
			};
		};
		A5C2A87327F697D500225640 /* XCRemoteSwiftPackageReference "SideMenu" */ = {
			isa = XCRemoteSwiftPackageReference;
			repositoryURL = "https://github.com/jonkykong/SideMenu.git";
			requirement = {
				kind = upToNextMajorVersion;
				minimumVersion = 6.0.0;
			};
		};
		A5DA054E27FC179300EB3FF8 /* XCRemoteSwiftPackageReference "FSCalendar" */ = {
			isa = XCRemoteSwiftPackageReference;
			repositoryURL = "https://github.com/WenchaoD/FSCalendar.git";
			requirement = {
				kind = upToNextMajorVersion;
				minimumVersion = 2.0.0;
			};
		};
/* End XCRemoteSwiftPackageReference section */

/* Begin XCSwiftPackageProductDependency section */
		A579426727EE07EF000F233A /* Alamofire */ = {
			isa = XCSwiftPackageProductDependency;
			package = A579426627EE07EF000F233A /* XCRemoteSwiftPackageReference "Alamofire" */;
			productName = Alamofire;
		};
		A579427527EE0D84000F233A /* SnapKit */ = {
			isa = XCSwiftPackageProductDependency;
			package = A579427427EE0D84000F233A /* XCRemoteSwiftPackageReference "SnapKit" */;
			productName = SnapKit;
		};
		A579427827EE0DAB000F233A /* Kingfisher */ = {
			isa = XCSwiftPackageProductDependency;
			package = A579427727EE0DAB000F233A /* XCRemoteSwiftPackageReference "Kingfisher" */;
			productName = Kingfisher;
		};
		A586E3D7280D7541001474BF /* Toast */ = {
			isa = XCSwiftPackageProductDependency;
			package = A586E3D6280D7540001474BF /* XCRemoteSwiftPackageReference "Toast-Swift" */;
			productName = Toast;
		};
		A594B0F427EF5833001344A2 /* Cosmos */ = {
			isa = XCSwiftPackageProductDependency;
			package = A594B0F327EF5833001344A2 /* XCRemoteSwiftPackageReference "Cosmos" */;
			productName = Cosmos;
		};
		A5C2A87427F697D500225640 /* SideMenu */ = {
			isa = XCSwiftPackageProductDependency;
			package = A5C2A87327F697D500225640 /* XCRemoteSwiftPackageReference "SideMenu" */;
			productName = SideMenu;
		};
		A5DA054F27FC179300EB3FF8 /* FSCalendar */ = {
			isa = XCSwiftPackageProductDependency;
			package = A5DA054E27FC179300EB3FF8 /* XCRemoteSwiftPackageReference "FSCalendar" */;
			productName = FSCalendar;
		};
/* End XCSwiftPackageProductDependency section */
	};
	rootObject = A579421E27EDF3CC000F233A /* Project object */;
}
