// !$*UTF8*$!
{
	archiveVersion = 1;
	classes = {
	};
	objectVersion = 55;
	objects = {

/* Begin PBXBuildFile section */
		409995154B5D0A532C364FBE /* Pods_FilmRecord.framework in Frameworks */ = {isa = PBXBuildFile; fileRef = DBCD18786F2A450A22417FA9 /* Pods_FilmRecord.framework */; };
		5B936E43BD36F31CD75B9B91 /* Pods_FilmRecord_FilmRecordUITests.framework in Frameworks */ = {isa = PBXBuildFile; fileRef = 050C9511F0F994FE0381A9CD /* Pods_FilmRecord_FilmRecordUITests.framework */; };
		A50E507F27F2BAA90079AFEB /* DetailViewController.swift in Sources */ = {isa = PBXBuildFile; fileRef = A50E507E27F2BAA90079AFEB /* DetailViewController.swift */; };
		A50E508127F2BAB10079AFEB /* DetailPresenter.swift in Sources */ = {isa = PBXBuildFile; fileRef = A50E508027F2BAB10079AFEB /* DetailPresenter.swift */; };
		A511197927F15B5A0061BBAD /* Review.swift in Sources */ = {isa = PBXBuildFile; fileRef = A511197827F15B5A0061BBAD /* Review.swift */; };
		A511197B27F1601C0061BBAD /* UserDefaultsManager.swift in Sources */ = {isa = PBXBuildFile; fileRef = A511197A27F1601C0061BBAD /* UserDefaultsManager.swift */; };
		A511197D27F1658D0061BBAD /* HomeCollectionViewCell.swift in Sources */ = {isa = PBXBuildFile; fileRef = A511197C27F1658D0061BBAD /* HomeCollectionViewCell.swift */; };
		A579422A27EDF3CC000F233A /* AppDelegate.swift in Sources */ = {isa = PBXBuildFile; fileRef = A579422927EDF3CC000F233A /* AppDelegate.swift */; };
		A579422C27EDF3CC000F233A /* SceneDelegate.swift in Sources */ = {isa = PBXBuildFile; fileRef = A579422B27EDF3CC000F233A /* SceneDelegate.swift */; };
		A579422E27EDF3CC000F233A /* HomeViewController.swift in Sources */ = {isa = PBXBuildFile; fileRef = A579422D27EDF3CC000F233A /* HomeViewController.swift */; };
		A579423327EDF3CC000F233A /* Assets.xcassets in Resources */ = {isa = PBXBuildFile; fileRef = A579423227EDF3CC000F233A /* Assets.xcassets */; };
		A579423627EDF3CC000F233A /* LaunchScreen.storyboard in Resources */ = {isa = PBXBuildFile; fileRef = A579423427EDF3CC000F233A /* LaunchScreen.storyboard */; };
		A579424127EDF3CC000F233A /* FilmRecordTests.swift in Sources */ = {isa = PBXBuildFile; fileRef = A579424027EDF3CC000F233A /* FilmRecordTests.swift */; };
		A579424B27EDF3CD000F233A /* FilmRecordUITests.swift in Sources */ = {isa = PBXBuildFile; fileRef = A579424A27EDF3CD000F233A /* FilmRecordUITests.swift */; };
		A579424D27EDF3CD000F233A /* FilmRecordUITestsLaunchTests.swift in Sources */ = {isa = PBXBuildFile; fileRef = A579424C27EDF3CD000F233A /* FilmRecordUITestsLaunchTests.swift */; };
		A579425B27EDF6FB000F233A /* HomePresenter.swift in Sources */ = {isa = PBXBuildFile; fileRef = A579425A27EDF6FB000F233A /* HomePresenter.swift */; };
		A579425E27EDFB27000F233A /* MovieSearchViewController.swift in Sources */ = {isa = PBXBuildFile; fileRef = A579425D27EDFB27000F233A /* MovieSearchViewController.swift */; };
		A579426027EDFB45000F233A /* MovieSearchPresenter.swift in Sources */ = {isa = PBXBuildFile; fileRef = A579425F27EDFB45000F233A /* MovieSearchPresenter.swift */; };
		A579426427EE07A7000F233A /* MovieSearchManager.swift in Sources */ = {isa = PBXBuildFile; fileRef = A579426327EE07A7000F233A /* MovieSearchManager.swift */; };
		A579426827EE07EF000F233A /* Alamofire in Frameworks */ = {isa = PBXBuildFile; productRef = A579426727EE07EF000F233A /* Alamofire */; };
		A579426A27EE0817000F233A /* SearchMovieRequestModel.swift in Sources */ = {isa = PBXBuildFile; fileRef = A579426927EE0817000F233A /* SearchMovieRequestModel.swift */; };
		A579426C27EE0822000F233A /* SearchMovieResponseModel.swift in Sources */ = {isa = PBXBuildFile; fileRef = A579426B27EE0822000F233A /* SearchMovieResponseModel.swift */; };
		A579426F27EE0884000F233A /* Movie.swift in Sources */ = {isa = PBXBuildFile; fileRef = A579426E27EE0884000F233A /* Movie.swift */; };
		A579427127EE08C8000F233A /* String+.swift in Sources */ = {isa = PBXBuildFile; fileRef = A579427027EE08C8000F233A /* String+.swift */; };
		A579427327EE0B9C000F233A /* MovieSearchCollectionViewCell.swift in Sources */ = {isa = PBXBuildFile; fileRef = A579427227EE0B9C000F233A /* MovieSearchCollectionViewCell.swift */; };
		A579427627EE0D84000F233A /* SnapKit in Frameworks */ = {isa = PBXBuildFile; productRef = A579427527EE0D84000F233A /* SnapKit */; };
		A579427927EE0DAB000F233A /* Kingfisher in Frameworks */ = {isa = PBXBuildFile; productRef = A579427827EE0DAB000F233A /* Kingfisher */; };
		A5828A6727F5547D00DC89D3 /* PopUpPresenter.swift in Sources */ = {isa = PBXBuildFile; fileRef = A5828A6627F5547D00DC89D3 /* PopUpPresenter.swift */; };
		A594B0E927EF374D001344A2 /* EnterRatingViewController.swift in Sources */ = {isa = PBXBuildFile; fileRef = A594B0E827EF374D001344A2 /* EnterRatingViewController.swift */; };
		A594B0EB27EF3825001344A2 /* EnterRatingPresenter.swift in Sources */ = {isa = PBXBuildFile; fileRef = A594B0EA27EF3825001344A2 /* EnterRatingPresenter.swift */; };
		A594B0F027EF4BA8001344A2 /* LabelHorizontalStackView.swift in Sources */ = {isa = PBXBuildFile; fileRef = A594B0EF27EF4BA8001344A2 /* LabelHorizontalStackView.swift */; };
		A594B0F227EF4EAD001344A2 /* ThreeRowVerticalStackView.swift in Sources */ = {isa = PBXBuildFile; fileRef = A594B0F127EF4EAD001344A2 /* ThreeRowVerticalStackView.swift */; };
		A594B0F527EF5833001344A2 /* Cosmos in Frameworks */ = {isa = PBXBuildFile; productRef = A594B0F427EF5833001344A2 /* Cosmos */; };
		A5C6678527F3EDA60090B617 /* 강원교육새음.otf in Resources */ = {isa = PBXBuildFile; fileRef = A5C6678127F3EDA60090B617 /* 강원교육새음.otf */; };
		A5C6678627F3EDA60090B617 /* 온글잎 민혜체.ttf in Resources */ = {isa = PBXBuildFile; fileRef = A5C6678227F3EDA60090B617 /* 온글잎 민혜체.ttf */; };
		A5C6678727F3EDA60090B617 /* Kyobo Handwriting 2019.otf in Resources */ = {isa = PBXBuildFile; fileRef = A5C6678327F3EDA60090B617 /* Kyobo Handwriting 2019.otf */; };
		A5C6678827F3EDA60090B617 /* LeeSeoyun.otf in Resources */ = {isa = PBXBuildFile; fileRef = A5C6678427F3EDA60090B617 /* LeeSeoyun.otf */; };
		A5C6678A27F3EE290090B617 /* FontManager.swift in Sources */ = {isa = PBXBuildFile; fileRef = A5C6678927F3EE290090B617 /* FontManager.swift */; };
		A5C6678C27F413480090B617 /* PopUpViewController.swift in Sources */ = {isa = PBXBuildFile; fileRef = A5C6678B27F413480090B617 /* PopUpViewController.swift */; };
		A5FACB4527F0383700DAB3AA /* ReviewWriteViewController.swift in Sources */ = {isa = PBXBuildFile; fileRef = A5FACB4427F0383700DAB3AA /* ReviewWriteViewController.swift */; };
		A5FACB4727F0384200DAB3AA /* ReviewWritePresenter.swift in Sources */ = {isa = PBXBuildFile; fileRef = A5FACB4627F0384200DAB3AA /* ReviewWritePresenter.swift */; };
		A5FACB4A27F03AA900DAB3AA /* TextFieldHorizontalStackView.swift in Sources */ = {isa = PBXBuildFile; fileRef = A5FACB4927F03AA900DAB3AA /* TextFieldHorizontalStackView.swift */; };
		B189199CBFFEB0B44319BCA1 /* Pods_FilmRecordTests.framework in Frameworks */ = {isa = PBXBuildFile; fileRef = 1F573B33ACBFDCF01170FD98 /* Pods_FilmRecordTests.framework */; };
/* End PBXBuildFile section */

/* Begin PBXContainerItemProxy section */
		A579423D27EDF3CC000F233A /* PBXContainerItemProxy */ = {
			isa = PBXContainerItemProxy;
			containerPortal = A579421E27EDF3CC000F233A /* Project object */;
			proxyType = 1;
			remoteGlobalIDString = A579422527EDF3CC000F233A;
			remoteInfo = FilmRecord;
		};
		A579424727EDF3CD000F233A /* PBXContainerItemProxy */ = {
			isa = PBXContainerItemProxy;
			containerPortal = A579421E27EDF3CC000F233A /* Project object */;
			proxyType = 1;
			remoteGlobalIDString = A579422527EDF3CC000F233A;
			remoteInfo = FilmRecord;
		};
/* End PBXContainerItemProxy section */

/* Begin PBXFileReference section */
		027098457CEFADAC81379FE2 /* Pods-FilmRecord.release.xcconfig */ = {isa = PBXFileReference; includeInIndex = 1; lastKnownFileType = text.xcconfig; name = "Pods-FilmRecord.release.xcconfig"; path = "Target Support Files/Pods-FilmRecord/Pods-FilmRecord.release.xcconfig"; sourceTree = "<group>"; };
		050C9511F0F994FE0381A9CD /* Pods_FilmRecord_FilmRecordUITests.framework */ = {isa = PBXFileReference; explicitFileType = wrapper.framework; includeInIndex = 0; path = Pods_FilmRecord_FilmRecordUITests.framework; sourceTree = BUILT_PRODUCTS_DIR; };
		0B56D071920236C3847CBE7B /* Pods-FilmRecordTests.release.xcconfig */ = {isa = PBXFileReference; includeInIndex = 1; lastKnownFileType = text.xcconfig; name = "Pods-FilmRecordTests.release.xcconfig"; path = "Target Support Files/Pods-FilmRecordTests/Pods-FilmRecordTests.release.xcconfig"; sourceTree = "<group>"; };
		15AC9B1635105DB65C7ED2E1 /* Pods-FilmRecord.debug.xcconfig */ = {isa = PBXFileReference; includeInIndex = 1; lastKnownFileType = text.xcconfig; name = "Pods-FilmRecord.debug.xcconfig"; path = "Target Support Files/Pods-FilmRecord/Pods-FilmRecord.debug.xcconfig"; sourceTree = "<group>"; };
		1F573B33ACBFDCF01170FD98 /* Pods_FilmRecordTests.framework */ = {isa = PBXFileReference; explicitFileType = wrapper.framework; includeInIndex = 0; path = Pods_FilmRecordTests.framework; sourceTree = BUILT_PRODUCTS_DIR; };
		6B0FFA8A20824560C0CF4E25 /* Pods-FilmRecordTests.debug.xcconfig */ = {isa = PBXFileReference; includeInIndex = 1; lastKnownFileType = text.xcconfig; name = "Pods-FilmRecordTests.debug.xcconfig"; path = "Target Support Files/Pods-FilmRecordTests/Pods-FilmRecordTests.debug.xcconfig"; sourceTree = "<group>"; };
		A50E507E27F2BAA90079AFEB /* DetailViewController.swift */ = {isa = PBXFileReference; lastKnownFileType = sourcecode.swift; path = DetailViewController.swift; sourceTree = "<group>"; };
		A50E508027F2BAB10079AFEB /* DetailPresenter.swift */ = {isa = PBXFileReference; lastKnownFileType = sourcecode.swift; path = DetailPresenter.swift; sourceTree = "<group>"; };
		A511197827F15B5A0061BBAD /* Review.swift */ = {isa = PBXFileReference; lastKnownFileType = sourcecode.swift; path = Review.swift; sourceTree = "<group>"; };
		A511197A27F1601C0061BBAD /* UserDefaultsManager.swift */ = {isa = PBXFileReference; lastKnownFileType = sourcecode.swift; path = UserDefaultsManager.swift; sourceTree = "<group>"; };
		A511197C27F1658D0061BBAD /* HomeCollectionViewCell.swift */ = {isa = PBXFileReference; lastKnownFileType = sourcecode.swift; path = HomeCollectionViewCell.swift; sourceTree = "<group>"; };
		A579422627EDF3CC000F233A /* FilmRecord.app */ = {isa = PBXFileReference; explicitFileType = wrapper.application; includeInIndex = 0; path = FilmRecord.app; sourceTree = BUILT_PRODUCTS_DIR; };
		A579422927EDF3CC000F233A /* AppDelegate.swift */ = {isa = PBXFileReference; lastKnownFileType = sourcecode.swift; path = AppDelegate.swift; sourceTree = "<group>"; };
		A579422B27EDF3CC000F233A /* SceneDelegate.swift */ = {isa = PBXFileReference; lastKnownFileType = sourcecode.swift; path = SceneDelegate.swift; sourceTree = "<group>"; };
		A579422D27EDF3CC000F233A /* HomeViewController.swift */ = {isa = PBXFileReference; lastKnownFileType = sourcecode.swift; path = HomeViewController.swift; sourceTree = "<group>"; };
		A579423227EDF3CC000F233A /* Assets.xcassets */ = {isa = PBXFileReference; lastKnownFileType = folder.assetcatalog; path = Assets.xcassets; sourceTree = "<group>"; };
		A579423527EDF3CC000F233A /* Base */ = {isa = PBXFileReference; lastKnownFileType = file.storyboard; name = Base; path = Base.lproj/LaunchScreen.storyboard; sourceTree = "<group>"; };
		A579423727EDF3CC000F233A /* Info.plist */ = {isa = PBXFileReference; lastKnownFileType = text.plist.xml; path = Info.plist; sourceTree = "<group>"; };
		A579423C27EDF3CC000F233A /* FilmRecordTests.xctest */ = {isa = PBXFileReference; explicitFileType = wrapper.cfbundle; includeInIndex = 0; path = FilmRecordTests.xctest; sourceTree = BUILT_PRODUCTS_DIR; };
		A579424027EDF3CC000F233A /* FilmRecordTests.swift */ = {isa = PBXFileReference; lastKnownFileType = sourcecode.swift; path = FilmRecordTests.swift; sourceTree = "<group>"; };
		A579424627EDF3CD000F233A /* FilmRecordUITests.xctest */ = {isa = PBXFileReference; explicitFileType = wrapper.cfbundle; includeInIndex = 0; path = FilmRecordUITests.xctest; sourceTree = BUILT_PRODUCTS_DIR; };
		A579424A27EDF3CD000F233A /* FilmRecordUITests.swift */ = {isa = PBXFileReference; lastKnownFileType = sourcecode.swift; path = FilmRecordUITests.swift; sourceTree = "<group>"; };
		A579424C27EDF3CD000F233A /* FilmRecordUITestsLaunchTests.swift */ = {isa = PBXFileReference; lastKnownFileType = sourcecode.swift; path = FilmRecordUITestsLaunchTests.swift; sourceTree = "<group>"; };
		A579425A27EDF6FB000F233A /* HomePresenter.swift */ = {isa = PBXFileReference; lastKnownFileType = sourcecode.swift; path = HomePresenter.swift; sourceTree = "<group>"; };
		A579425D27EDFB27000F233A /* MovieSearchViewController.swift */ = {isa = PBXFileReference; lastKnownFileType = sourcecode.swift; path = MovieSearchViewController.swift; sourceTree = "<group>"; };
		A579425F27EDFB45000F233A /* MovieSearchPresenter.swift */ = {isa = PBXFileReference; lastKnownFileType = sourcecode.swift; path = MovieSearchPresenter.swift; sourceTree = "<group>"; };
		A579426327EE07A7000F233A /* MovieSearchManager.swift */ = {isa = PBXFileReference; lastKnownFileType = sourcecode.swift; path = MovieSearchManager.swift; sourceTree = "<group>"; };
		A579426927EE0817000F233A /* SearchMovieRequestModel.swift */ = {isa = PBXFileReference; lastKnownFileType = sourcecode.swift; path = SearchMovieRequestModel.swift; sourceTree = "<group>"; };
		A579426B27EE0822000F233A /* SearchMovieResponseModel.swift */ = {isa = PBXFileReference; lastKnownFileType = sourcecode.swift; path = SearchMovieResponseModel.swift; sourceTree = "<group>"; };
		A579426E27EE0884000F233A /* Movie.swift */ = {isa = PBXFileReference; lastKnownFileType = sourcecode.swift; path = Movie.swift; sourceTree = "<group>"; };
		A579427027EE08C8000F233A /* String+.swift */ = {isa = PBXFileReference; lastKnownFileType = sourcecode.swift; path = "String+.swift"; sourceTree = "<group>"; };
		A579427227EE0B9C000F233A /* MovieSearchCollectionViewCell.swift */ = {isa = PBXFileReference; lastKnownFileType = sourcecode.swift; path = MovieSearchCollectionViewCell.swift; sourceTree = "<group>"; };
		A5828A6627F5547D00DC89D3 /* PopUpPresenter.swift */ = {isa = PBXFileReference; lastKnownFileType = sourcecode.swift; path = PopUpPresenter.swift; sourceTree = "<group>"; };
		A594B0E827EF374D001344A2 /* EnterRatingViewController.swift */ = {isa = PBXFileReference; lastKnownFileType = sourcecode.swift; path = EnterRatingViewController.swift; sourceTree = "<group>"; };
		A594B0EA27EF3825001344A2 /* EnterRatingPresenter.swift */ = {isa = PBXFileReference; lastKnownFileType = sourcecode.swift; path = EnterRatingPresenter.swift; sourceTree = "<group>"; };
		A594B0EF27EF4BA8001344A2 /* LabelHorizontalStackView.swift */ = {isa = PBXFileReference; lastKnownFileType = sourcecode.swift; path = LabelHorizontalStackView.swift; sourceTree = "<group>"; };
		A594B0F127EF4EAD001344A2 /* ThreeRowVerticalStackView.swift */ = {isa = PBXFileReference; lastKnownFileType = sourcecode.swift; path = ThreeRowVerticalStackView.swift; sourceTree = "<group>"; };
		A5C6678127F3EDA60090B617 /* 강원교육새음.otf */ = {isa = PBXFileReference; lastKnownFileType = file; path = "강원교육새음.otf"; sourceTree = "<group>"; };
		A5C6678227F3EDA60090B617 /* 온글잎 민혜체.ttf */ = {isa = PBXFileReference; lastKnownFileType = file; path = "온글잎 민혜체.ttf"; sourceTree = "<group>"; };
		A5C6678327F3EDA60090B617 /* Kyobo Handwriting 2019.otf */ = {isa = PBXFileReference; lastKnownFileType = file; path = "Kyobo Handwriting 2019.otf"; sourceTree = "<group>"; };
		A5C6678427F3EDA60090B617 /* LeeSeoyun.otf */ = {isa = PBXFileReference; lastKnownFileType = file; path = LeeSeoyun.otf; sourceTree = "<group>"; };
		A5C6678927F3EE290090B617 /* FontManager.swift */ = {isa = PBXFileReference; lastKnownFileType = sourcecode.swift; path = FontManager.swift; sourceTree = "<group>"; };
		A5C6678B27F413480090B617 /* PopUpViewController.swift */ = {isa = PBXFileReference; lastKnownFileType = sourcecode.swift; path = PopUpViewController.swift; sourceTree = "<group>"; };
		A5FACB4427F0383700DAB3AA /* ReviewWriteViewController.swift */ = {isa = PBXFileReference; lastKnownFileType = sourcecode.swift; path = ReviewWriteViewController.swift; sourceTree = "<group>"; };
		A5FACB4627F0384200DAB3AA /* ReviewWritePresenter.swift */ = {isa = PBXFileReference; lastKnownFileType = sourcecode.swift; path = ReviewWritePresenter.swift; sourceTree = "<group>"; };
		A5FACB4927F03AA900DAB3AA /* TextFieldHorizontalStackView.swift */ = {isa = PBXFileReference; lastKnownFileType = sourcecode.swift; path = TextFieldHorizontalStackView.swift; sourceTree = "<group>"; };
		B381680C404AA68A42D97F11 /* Pods-FilmRecord-FilmRecordUITests.debug.xcconfig */ = {isa = PBXFileReference; includeInIndex = 1; lastKnownFileType = text.xcconfig; name = "Pods-FilmRecord-FilmRecordUITests.debug.xcconfig"; path = "Target Support Files/Pods-FilmRecord-FilmRecordUITests/Pods-FilmRecord-FilmRecordUITests.debug.xcconfig"; sourceTree = "<group>"; };
		DBCD18786F2A450A22417FA9 /* Pods_FilmRecord.framework */ = {isa = PBXFileReference; explicitFileType = wrapper.framework; includeInIndex = 0; path = Pods_FilmRecord.framework; sourceTree = BUILT_PRODUCTS_DIR; };
		FC220A1C4F67F66A6481B979 /* Pods-FilmRecord-FilmRecordUITests.release.xcconfig */ = {isa = PBXFileReference; includeInIndex = 1; lastKnownFileType = text.xcconfig; name = "Pods-FilmRecord-FilmRecordUITests.release.xcconfig"; path = "Target Support Files/Pods-FilmRecord-FilmRecordUITests/Pods-FilmRecord-FilmRecordUITests.release.xcconfig"; sourceTree = "<group>"; };
/* End PBXFileReference section */

/* Begin PBXFrameworksBuildPhase section */
		A579422327EDF3CC000F233A /* Frameworks */ = {
			isa = PBXFrameworksBuildPhase;
			buildActionMask = 2147483647;
			files = (
				A594B0F527EF5833001344A2 /* Cosmos in Frameworks */,
				A579427927EE0DAB000F233A /* Kingfisher in Frameworks */,
				A579427627EE0D84000F233A /* SnapKit in Frameworks */,
				409995154B5D0A532C364FBE /* Pods_FilmRecord.framework in Frameworks */,
				A579426827EE07EF000F233A /* Alamofire in Frameworks */,
			);
			runOnlyForDeploymentPostprocessing = 0;
		};
		A579423927EDF3CC000F233A /* Frameworks */ = {
			isa = PBXFrameworksBuildPhase;
			buildActionMask = 2147483647;
			files = (
				B189199CBFFEB0B44319BCA1 /* Pods_FilmRecordTests.framework in Frameworks */,
			);
			runOnlyForDeploymentPostprocessing = 0;
		};
		A579424327EDF3CD000F233A /* Frameworks */ = {
			isa = PBXFrameworksBuildPhase;
			buildActionMask = 2147483647;
			files = (
				5B936E43BD36F31CD75B9B91 /* Pods_FilmRecord_FilmRecordUITests.framework in Frameworks */,
			);
			runOnlyForDeploymentPostprocessing = 0;
		};
/* End PBXFrameworksBuildPhase section */

/* Begin PBXGroup section */
		A50E508227F2BAB50079AFEB /* Detail */ = {
			isa = PBXGroup;
			children = (
				A50E507E27F2BAA90079AFEB /* DetailViewController.swift */,
				A50E508027F2BAB10079AFEB /* DetailPresenter.swift */,
			);
			path = Detail;
			sourceTree = "<group>";
		};
		A579421D27EDF3CC000F233A = {
			isa = PBXGroup;
			children = (
				A579422827EDF3CC000F233A /* FilmRecord */,
				A579423F27EDF3CC000F233A /* FilmRecordTests */,
				A579424927EDF3CD000F233A /* FilmRecordUITests */,
				A579422727EDF3CC000F233A /* Products */,
				FE182396663A2D5D877511C4 /* Pods */,
				EE8F8CB4DF2413474654762D /* Frameworks */,
			);
			sourceTree = "<group>";
		};
		A579422727EDF3CC000F233A /* Products */ = {
			isa = PBXGroup;
			children = (
				A579422627EDF3CC000F233A /* FilmRecord.app */,
				A579423C27EDF3CC000F233A /* FilmRecordTests.xctest */,
				A579424627EDF3CD000F233A /* FilmRecordUITests.xctest */,
			);
			name = Products;
			sourceTree = "<group>";
		};
		A579422827EDF3CC000F233A /* FilmRecord */ = {
			isa = PBXGroup;
			children = (
				A579422927EDF3CC000F233A /* AppDelegate.swift */,
				A579422B27EDF3CC000F233A /* SceneDelegate.swift */,
				A5C6678027F3ED5B0090B617 /* Font */,
				A579426527EE07AC000F233A /* Manager */,
				A579426D27EE0827000F233A /* Model */,
				A579425927EDF6D4000F233A /* Scene */,
				A579423227EDF3CC000F233A /* Assets.xcassets */,
				A579423427EDF3CC000F233A /* LaunchScreen.storyboard */,
				A579423727EDF3CC000F233A /* Info.plist */,
				A579427027EE08C8000F233A /* String+.swift */,
			);
			path = FilmRecord;
			sourceTree = "<group>";
		};
		A579423F27EDF3CC000F233A /* FilmRecordTests */ = {
			isa = PBXGroup;
			children = (
				A579424027EDF3CC000F233A /* FilmRecordTests.swift */,
			);
			path = FilmRecordTests;
			sourceTree = "<group>";
		};
		A579424927EDF3CD000F233A /* FilmRecordUITests */ = {
			isa = PBXGroup;
			children = (
				A579424A27EDF3CD000F233A /* FilmRecordUITests.swift */,
				A579424C27EDF3CD000F233A /* FilmRecordUITestsLaunchTests.swift */,
			);
			path = FilmRecordUITests;
			sourceTree = "<group>";
		};
		A579425927EDF6D4000F233A /* Scene */ = {
			isa = PBXGroup;
			children = (
				A50E508227F2BAB50079AFEB /* Detail */,
				A594B0EC27EF3829001344A2 /* EnterRating */,
				A579425C27EDF6FF000F233A /* Home */,
				A579426127EDFB49000F233A /* MovieSearch */,
				A5FACB4327F0381D00DAB3AA /* StackView */,
				A5FACB4827F0384800DAB3AA /* ReviewWrite */,
				A5828A6827F5548C00DC89D3 /* PopUp */,
			);
			path = Scene;
			sourceTree = "<group>";
		};
		A579425C27EDF6FF000F233A /* Home */ = {
			isa = PBXGroup;
			children = (
				A579422D27EDF3CC000F233A /* HomeViewController.swift */,
				A579425A27EDF6FB000F233A /* HomePresenter.swift */,
				A511197C27F1658D0061BBAD /* HomeCollectionViewCell.swift */,
			);
			path = Home;
			sourceTree = "<group>";
		};
		A579426127EDFB49000F233A /* MovieSearch */ = {
			isa = PBXGroup;
			children = (
				A579425D27EDFB27000F233A /* MovieSearchViewController.swift */,
				A579425F27EDFB45000F233A /* MovieSearchPresenter.swift */,
				A579427227EE0B9C000F233A /* MovieSearchCollectionViewCell.swift */,
			);
			path = MovieSearch;
			sourceTree = "<group>";
		};
		A579426527EE07AC000F233A /* Manager */ = {
			isa = PBXGroup;
			children = (
				A579426327EE07A7000F233A /* MovieSearchManager.swift */,
				A511197A27F1601C0061BBAD /* UserDefaultsManager.swift */,
				A5C6678927F3EE290090B617 /* FontManager.swift */,
			);
			path = Manager;
			sourceTree = "<group>";
		};
		A579426D27EE0827000F233A /* Model */ = {
			isa = PBXGroup;
			children = (
				A579426E27EE0884000F233A /* Movie.swift */,
				A579426927EE0817000F233A /* SearchMovieRequestModel.swift */,
				A579426B27EE0822000F233A /* SearchMovieResponseModel.swift */,
				A511197827F15B5A0061BBAD /* Review.swift */,
			);
			path = Model;
			sourceTree = "<group>";
		};
		A5828A6827F5548C00DC89D3 /* PopUp */ = {
			isa = PBXGroup;
			children = (
				A5C6678B27F413480090B617 /* PopUpViewController.swift */,
				A5828A6627F5547D00DC89D3 /* PopUpPresenter.swift */,
			);
			path = PopUp;
			sourceTree = "<group>";
		};
		A594B0EC27EF3829001344A2 /* EnterRating */ = {
			isa = PBXGroup;
			children = (
				A594B0E827EF374D001344A2 /* EnterRatingViewController.swift */,
				A594B0EA27EF3825001344A2 /* EnterRatingPresenter.swift */,
			);
			path = EnterRating;
			sourceTree = "<group>";
		};
		A5C6678027F3ED5B0090B617 /* Font */ = {
			isa = PBXGroup;
			children = (
				A5C6678127F3EDA60090B617 /* 강원교육새음.otf */,
				A5C6678227F3EDA60090B617 /* 온글잎 민혜체.ttf */,
				A5C6678327F3EDA60090B617 /* Kyobo Handwriting 2019.otf */,
				A5C6678427F3EDA60090B617 /* LeeSeoyun.otf */,
			);
			path = Font;
			sourceTree = "<group>";
		};
		A5FACB4327F0381D00DAB3AA /* StackView */ = {
			isa = PBXGroup;
			children = (
				A594B0EF27EF4BA8001344A2 /* LabelHorizontalStackView.swift */,
				A594B0F127EF4EAD001344A2 /* ThreeRowVerticalStackView.swift */,
				A5FACB4927F03AA900DAB3AA /* TextFieldHorizontalStackView.swift */,
			);
			path = StackView;
			sourceTree = "<group>";
		};
		A5FACB4827F0384800DAB3AA /* ReviewWrite */ = {
			isa = PBXGroup;
			children = (
				A5FACB4427F0383700DAB3AA /* ReviewWriteViewController.swift */,
				A5FACB4627F0384200DAB3AA /* ReviewWritePresenter.swift */,
			);
			path = ReviewWrite;
			sourceTree = "<group>";
		};
		EE8F8CB4DF2413474654762D /* Frameworks */ = {
			isa = PBXGroup;
			children = (
				DBCD18786F2A450A22417FA9 /* Pods_FilmRecord.framework */,
				050C9511F0F994FE0381A9CD /* Pods_FilmRecord_FilmRecordUITests.framework */,
				1F573B33ACBFDCF01170FD98 /* Pods_FilmRecordTests.framework */,
			);
			name = Frameworks;
			sourceTree = "<group>";
		};
		FE182396663A2D5D877511C4 /* Pods */ = {
			isa = PBXGroup;
			children = (
				15AC9B1635105DB65C7ED2E1 /* Pods-FilmRecord.debug.xcconfig */,
				027098457CEFADAC81379FE2 /* Pods-FilmRecord.release.xcconfig */,
				B381680C404AA68A42D97F11 /* Pods-FilmRecord-FilmRecordUITests.debug.xcconfig */,
				FC220A1C4F67F66A6481B979 /* Pods-FilmRecord-FilmRecordUITests.release.xcconfig */,
				6B0FFA8A20824560C0CF4E25 /* Pods-FilmRecordTests.debug.xcconfig */,
				0B56D071920236C3847CBE7B /* Pods-FilmRecordTests.release.xcconfig */,
			);
			path = Pods;
			sourceTree = "<group>";
		};
/* End PBXGroup section */

/* Begin PBXNativeTarget section */
		A579422527EDF3CC000F233A /* FilmRecord */ = {
			isa = PBXNativeTarget;
			buildConfigurationList = A579425027EDF3CD000F233A /* Build configuration list for PBXNativeTarget "FilmRecord" */;
			buildPhases = (
				3CC77F907144AD3736CBD8DD /* [CP] Check Pods Manifest.lock */,
				A579422227EDF3CC000F233A /* Sources */,
				A579422327EDF3CC000F233A /* Frameworks */,
				A579422427EDF3CC000F233A /* Resources */,
				A579426227EE013C000F233A /* SwiftLint */,
			);
			buildRules = (
			);
			dependencies = (
			);
			name = FilmRecord;
			packageProductDependencies = (
				A579426727EE07EF000F233A /* Alamofire */,
				A579427527EE0D84000F233A /* SnapKit */,
				A579427827EE0DAB000F233A /* Kingfisher */,
				A594B0F427EF5833001344A2 /* Cosmos */,
			);
			productName = FilmRecord;
			productReference = A579422627EDF3CC000F233A /* FilmRecord.app */;
			productType = "com.apple.product-type.application";
		};
		A579423B27EDF3CC000F233A /* FilmRecordTests */ = {
			isa = PBXNativeTarget;
			buildConfigurationList = A579425327EDF3CD000F233A /* Build configuration list for PBXNativeTarget "FilmRecordTests" */;
			buildPhases = (
				72A81E07286EC297A16122AA /* [CP] Check Pods Manifest.lock */,
				A579423827EDF3CC000F233A /* Sources */,
				A579423927EDF3CC000F233A /* Frameworks */,
				A579423A27EDF3CC000F233A /* Resources */,
			);
			buildRules = (
			);
			dependencies = (
				A579423E27EDF3CC000F233A /* PBXTargetDependency */,
			);
			name = FilmRecordTests;
			productName = FilmRecordTests;
			productReference = A579423C27EDF3CC000F233A /* FilmRecordTests.xctest */;
			productType = "com.apple.product-type.bundle.unit-test";
		};
		A579424527EDF3CD000F233A /* FilmRecordUITests */ = {
			isa = PBXNativeTarget;
			buildConfigurationList = A579425627EDF3CD000F233A /* Build configuration list for PBXNativeTarget "FilmRecordUITests" */;
			buildPhases = (
				821AF727189573A3185153A6 /* [CP] Check Pods Manifest.lock */,
				A579424227EDF3CD000F233A /* Sources */,
				A579424327EDF3CD000F233A /* Frameworks */,
				A579424427EDF3CD000F233A /* Resources */,
			);
			buildRules = (
			);
			dependencies = (
				A579424827EDF3CD000F233A /* PBXTargetDependency */,
			);
			name = FilmRecordUITests;
			productName = FilmRecordUITests;
			productReference = A579424627EDF3CD000F233A /* FilmRecordUITests.xctest */;
			productType = "com.apple.product-type.bundle.ui-testing";
		};
/* End PBXNativeTarget section */

/* Begin PBXProject section */
		A579421E27EDF3CC000F233A /* Project object */ = {
			isa = PBXProject;
			attributes = {
				BuildIndependentTargetsInParallel = 1;
				LastSwiftUpdateCheck = 1330;
				LastUpgradeCheck = 1330;
				TargetAttributes = {
					A579422527EDF3CC000F233A = {
						CreatedOnToolsVersion = 13.3;
					};
					A579423B27EDF3CC000F233A = {
						CreatedOnToolsVersion = 13.3;
						TestTargetID = A579422527EDF3CC000F233A;
					};
					A579424527EDF3CD000F233A = {
						CreatedOnToolsVersion = 13.3;
						TestTargetID = A579422527EDF3CC000F233A;
					};
				};
			};
			buildConfigurationList = A579422127EDF3CC000F233A /* Build configuration list for PBXProject "FilmRecord" */;
			compatibilityVersion = "Xcode 13.0";
			developmentRegion = en;
			hasScannedForEncodings = 0;
			knownRegions = (
				en,
				Base,
			);
			mainGroup = A579421D27EDF3CC000F233A;
			packageReferences = (
				A579426627EE07EF000F233A /* XCRemoteSwiftPackageReference "Alamofire" */,
				A579427427EE0D84000F233A /* XCRemoteSwiftPackageReference "SnapKit" */,
				A579427727EE0DAB000F233A /* XCRemoteSwiftPackageReference "Kingfisher" */,
				A594B0F327EF5833001344A2 /* XCRemoteSwiftPackageReference "Cosmos" */,
			);
			productRefGroup = A579422727EDF3CC000F233A /* Products */;
			projectDirPath = "";
			projectRoot = "";
			targets = (
				A579422527EDF3CC000F233A /* FilmRecord */,
				A579423B27EDF3CC000F233A /* FilmRecordTests */,
				A579424527EDF3CD000F233A /* FilmRecordUITests */,
			);
		};
/* End PBXProject section */

/* Begin PBXResourcesBuildPhase section */
		A579422427EDF3CC000F233A /* Resources */ = {
			isa = PBXResourcesBuildPhase;
			buildActionMask = 2147483647;
			files = (
				A579423627EDF3CC000F233A /* LaunchScreen.storyboard in Resources */,
				A5C6678827F3EDA60090B617 /* LeeSeoyun.otf in Resources */,
				A579423327EDF3CC000F233A /* Assets.xcassets in Resources */,
				A5C6678727F3EDA60090B617 /* Kyobo Handwriting 2019.otf in Resources */,
				A5C6678527F3EDA60090B617 /* 강원교육새음.otf in Resources */,
				A5C6678627F3EDA60090B617 /* 온글잎 민혜체.ttf in Resources */,
			);
			runOnlyForDeploymentPostprocessing = 0;
		};
		A579423A27EDF3CC000F233A /* Resources */ = {
			isa = PBXResourcesBuildPhase;
			buildActionMask = 2147483647;
			files = (
			);
			runOnlyForDeploymentPostprocessing = 0;
		};
		A579424427EDF3CD000F233A /* Resources */ = {
			isa = PBXResourcesBuildPhase;
			buildActionMask = 2147483647;
			files = (
			);
			runOnlyForDeploymentPostprocessing = 0;
		};
/* End PBXResourcesBuildPhase section */

/* Begin PBXShellScriptBuildPhase section */
		3CC77F907144AD3736CBD8DD /* [CP] Check Pods Manifest.lock */ = {
			isa = PBXShellScriptBuildPhase;
			buildActionMask = 2147483647;
			files = (
			);
			inputFileListPaths = (
			);
			inputPaths = (
				"${PODS_PODFILE_DIR_PATH}/Podfile.lock",
				"${PODS_ROOT}/Manifest.lock",
			);
			name = "[CP] Check Pods Manifest.lock";
			outputFileListPaths = (
			);
			outputPaths = (
				"$(DERIVED_FILE_DIR)/Pods-FilmRecord-checkManifestLockResult.txt",
			);
			runOnlyForDeploymentPostprocessing = 0;
			shellPath = /bin/sh;
			shellScript = "diff \"${PODS_PODFILE_DIR_PATH}/Podfile.lock\" \"${PODS_ROOT}/Manifest.lock\" > /dev/null\nif [ $? != 0 ] ; then\n    # print error to STDERR\n    echo \"error: The sandbox is not in sync with the Podfile.lock. Run 'pod install' or update your CocoaPods installation.\" >&2\n    exit 1\nfi\n# This output is used by Xcode 'outputs' to avoid re-running this script phase.\necho \"SUCCESS\" > \"${SCRIPT_OUTPUT_FILE_0}\"\n";
			showEnvVarsInLog = 0;
		};
		72A81E07286EC297A16122AA /* [CP] Check Pods Manifest.lock */ = {
			isa = PBXShellScriptBuildPhase;
			buildActionMask = 2147483647;
			files = (
			);
			inputFileListPaths = (
			);
			inputPaths = (
				"${PODS_PODFILE_DIR_PATH}/Podfile.lock",
				"${PODS_ROOT}/Manifest.lock",
			);
			name = "[CP] Check Pods Manifest.lock";
			outputFileListPaths = (
			);
			outputPaths = (
				"$(DERIVED_FILE_DIR)/Pods-FilmRecordTests-checkManifestLockResult.txt",
			);
			runOnlyForDeploymentPostprocessing = 0;
			shellPath = /bin/sh;
			shellScript = "diff \"${PODS_PODFILE_DIR_PATH}/Podfile.lock\" \"${PODS_ROOT}/Manifest.lock\" > /dev/null\nif [ $? != 0 ] ; then\n    # print error to STDERR\n    echo \"error: The sandbox is not in sync with the Podfile.lock. Run 'pod install' or update your CocoaPods installation.\" >&2\n    exit 1\nfi\n# This output is used by Xcode 'outputs' to avoid re-running this script phase.\necho \"SUCCESS\" > \"${SCRIPT_OUTPUT_FILE_0}\"\n";
			showEnvVarsInLog = 0;
		};
		821AF727189573A3185153A6 /* [CP] Check Pods Manifest.lock */ = {
			isa = PBXShellScriptBuildPhase;
			buildActionMask = 2147483647;
			files = (
			);
			inputFileListPaths = (
			);
			inputPaths = (
				"${PODS_PODFILE_DIR_PATH}/Podfile.lock",
				"${PODS_ROOT}/Manifest.lock",
			);
			name = "[CP] Check Pods Manifest.lock";
			outputFileListPaths = (
			);
			outputPaths = (
				"$(DERIVED_FILE_DIR)/Pods-FilmRecord-FilmRecordUITests-checkManifestLockResult.txt",
			);
			runOnlyForDeploymentPostprocessing = 0;
			shellPath = /bin/sh;
			shellScript = "diff \"${PODS_PODFILE_DIR_PATH}/Podfile.lock\" \"${PODS_ROOT}/Manifest.lock\" > /dev/null\nif [ $? != 0 ] ; then\n    # print error to STDERR\n    echo \"error: The sandbox is not in sync with the Podfile.lock. Run 'pod install' or update your CocoaPods installation.\" >&2\n    exit 1\nfi\n# This output is used by Xcode 'outputs' to avoid re-running this script phase.\necho \"SUCCESS\" > \"${SCRIPT_OUTPUT_FILE_0}\"\n";
			showEnvVarsInLog = 0;
		};
		A579426227EE013C000F233A /* SwiftLint */ = {
			isa = PBXShellScriptBuildPhase;
			buildActionMask = 2147483647;
			files = (
			);
			inputFileListPaths = (
			);
			inputPaths = (
			);
			name = SwiftLint;
			outputFileListPaths = (
			);
			outputPaths = (
			);
			runOnlyForDeploymentPostprocessing = 0;
			shellPath = /bin/sh;
			shellScript = "\"${PODS_ROOT}/SwiftLint/swiftlint\"\n";
		};
/* End PBXShellScriptBuildPhase section */

/* Begin PBXSourcesBuildPhase section */
		A579422227EDF3CC000F233A /* Sources */ = {
			isa = PBXSourcesBuildPhase;
			buildActionMask = 2147483647;
			files = (
				A594B0F027EF4BA8001344A2 /* LabelHorizontalStackView.swift in Sources */,
				A579426A27EE0817000F233A /* SearchMovieRequestModel.swift in Sources */,
				A50E507F27F2BAA90079AFEB /* DetailViewController.swift in Sources */,
				A579422E27EDF3CC000F233A /* HomeViewController.swift in Sources */,
				A579422A27EDF3CC000F233A /* AppDelegate.swift in Sources */,
				A5C6678A27F3EE290090B617 /* FontManager.swift in Sources */,
				A579422C27EDF3CC000F233A /* SceneDelegate.swift in Sources */,
				A5C6678C27F413480090B617 /* PopUpViewController.swift in Sources */,
				A5828A6727F5547D00DC89D3 /* PopUpPresenter.swift in Sources */,
				A511197927F15B5A0061BBAD /* Review.swift in Sources */,
				A594B0F227EF4EAD001344A2 /* ThreeRowVerticalStackView.swift in Sources */,
				A5FACB4727F0384200DAB3AA /* ReviewWritePresenter.swift in Sources */,
				A579426F27EE0884000F233A /* Movie.swift in Sources */,
				A579426027EDFB45000F233A /* MovieSearchPresenter.swift in Sources */,
				A50E508127F2BAB10079AFEB /* DetailPresenter.swift in Sources */,
				A579426427EE07A7000F233A /* MovieSearchManager.swift in Sources */,
				A579427327EE0B9C000F233A /* MovieSearchCollectionViewCell.swift in Sources */,
				A579427127EE08C8000F233A /* String+.swift in Sources */,
				A579425B27EDF6FB000F233A /* HomePresenter.swift in Sources */,
				A579426C27EE0822000F233A /* SearchMovieResponseModel.swift in Sources */,
				A579425E27EDFB27000F233A /* MovieSearchViewController.swift in Sources */,
				A5FACB4A27F03AA900DAB3AA /* TextFieldHorizontalStackView.swift in Sources */,
				A511197D27F1658D0061BBAD /* HomeCollectionViewCell.swift in Sources */,
				A511197B27F1601C0061BBAD /* UserDefaultsManager.swift in Sources */,
				A5FACB4527F0383700DAB3AA /* ReviewWriteViewController.swift in Sources */,
				A594B0EB27EF3825001344A2 /* EnterRatingPresenter.swift in Sources */,
				A594B0E927EF374D001344A2 /* EnterRatingViewController.swift in Sources */,
			);
			runOnlyForDeploymentPostprocessing = 0;
		};
		A579423827EDF3CC000F233A /* Sources */ = {
			isa = PBXSourcesBuildPhase;
			buildActionMask = 2147483647;
			files = (
				A579424127EDF3CC000F233A /* FilmRecordTests.swift in Sources */,
			);
			runOnlyForDeploymentPostprocessing = 0;
		};
		A579424227EDF3CD000F233A /* Sources */ = {
			isa = PBXSourcesBuildPhase;
			buildActionMask = 2147483647;
			files = (
				A579424B27EDF3CD000F233A /* FilmRecordUITests.swift in Sources */,
				A579424D27EDF3CD000F233A /* FilmRecordUITestsLaunchTests.swift in Sources */,
			);
			runOnlyForDeploymentPostprocessing = 0;
		};
/* End PBXSourcesBuildPhase section */

/* Begin PBXTargetDependency section */
		A579423E27EDF3CC000F233A /* PBXTargetDependency */ = {
			isa = PBXTargetDependency;
			target = A579422527EDF3CC000F233A /* FilmRecord */;
			targetProxy = A579423D27EDF3CC000F233A /* PBXContainerItemProxy */;
		};
		A579424827EDF3CD000F233A /* PBXTargetDependency */ = {
			isa = PBXTargetDependency;
			target = A579422527EDF3CC000F233A /* FilmRecord */;
			targetProxy = A579424727EDF3CD000F233A /* PBXContainerItemProxy */;
		};
/* End PBXTargetDependency section */

/* Begin PBXVariantGroup section */
		A579423427EDF3CC000F233A /* LaunchScreen.storyboard */ = {
			isa = PBXVariantGroup;
			children = (
				A579423527EDF3CC000F233A /* Base */,
			);
			name = LaunchScreen.storyboard;
			sourceTree = "<group>";
		};
/* End PBXVariantGroup section */

/* Begin XCBuildConfiguration section */
		A579424E27EDF3CD000F233A /* Debug */ = {
			isa = XCBuildConfiguration;
			buildSettings = {
				ALWAYS_SEARCH_USER_PATHS = NO;
				CLANG_ANALYZER_NONNULL = YES;
				CLANG_ANALYZER_NUMBER_OBJECT_CONVERSION = YES_AGGRESSIVE;
				CLANG_CXX_LANGUAGE_STANDARD = "gnu++17";
				CLANG_ENABLE_MODULES = YES;
				CLANG_ENABLE_OBJC_ARC = YES;
				CLANG_ENABLE_OBJC_WEAK = YES;
				CLANG_WARN_BLOCK_CAPTURE_AUTORELEASING = YES;
				CLANG_WARN_BOOL_CONVERSION = YES;
				CLANG_WARN_COMMA = YES;
				CLANG_WARN_CONSTANT_CONVERSION = YES;
				CLANG_WARN_DEPRECATED_OBJC_IMPLEMENTATIONS = YES;
				CLANG_WARN_DIRECT_OBJC_ISA_USAGE = YES_ERROR;
				CLANG_WARN_DOCUMENTATION_COMMENTS = YES;
				CLANG_WARN_EMPTY_BODY = YES;
				CLANG_WARN_ENUM_CONVERSION = YES;
				CLANG_WARN_INFINITE_RECURSION = YES;
				CLANG_WARN_INT_CONVERSION = YES;
				CLANG_WARN_NON_LITERAL_NULL_CONVERSION = YES;
				CLANG_WARN_OBJC_IMPLICIT_RETAIN_SELF = YES;
				CLANG_WARN_OBJC_LITERAL_CONVERSION = YES;
				CLANG_WARN_OBJC_ROOT_CLASS = YES_ERROR;
				CLANG_WARN_QUOTED_INCLUDE_IN_FRAMEWORK_HEADER = YES;
				CLANG_WARN_RANGE_LOOP_ANALYSIS = YES;
				CLANG_WARN_STRICT_PROTOTYPES = YES;
				CLANG_WARN_SUSPICIOUS_MOVE = YES;
				CLANG_WARN_UNGUARDED_AVAILABILITY = YES_AGGRESSIVE;
				CLANG_WARN_UNREACHABLE_CODE = YES;
				CLANG_WARN__DUPLICATE_METHOD_MATCH = YES;
				COPY_PHASE_STRIP = NO;
				DEBUG_INFORMATION_FORMAT = dwarf;
				ENABLE_STRICT_OBJC_MSGSEND = YES;
				ENABLE_TESTABILITY = YES;
				GCC_C_LANGUAGE_STANDARD = gnu11;
				GCC_DYNAMIC_NO_PIC = NO;
				GCC_NO_COMMON_BLOCKS = YES;
				GCC_OPTIMIZATION_LEVEL = 0;
				GCC_PREPROCESSOR_DEFINITIONS = (
					"DEBUG=1",
					"$(inherited)",
				);
				GCC_WARN_64_TO_32_BIT_CONVERSION = YES;
				GCC_WARN_ABOUT_RETURN_TYPE = YES_ERROR;
				GCC_WARN_UNDECLARED_SELECTOR = YES;
				GCC_WARN_UNINITIALIZED_AUTOS = YES_AGGRESSIVE;
				GCC_WARN_UNUSED_FUNCTION = YES;
				GCC_WARN_UNUSED_VARIABLE = YES;
				IPHONEOS_DEPLOYMENT_TARGET = 15.4;
				MTL_ENABLE_DEBUG_INFO = INCLUDE_SOURCE;
				MTL_FAST_MATH = YES;
				ONLY_ACTIVE_ARCH = YES;
				SDKROOT = iphoneos;
				SWIFT_ACTIVE_COMPILATION_CONDITIONS = DEBUG;
				SWIFT_OPTIMIZATION_LEVEL = "-Onone";
			};
			name = Debug;
		};
		A579424F27EDF3CD000F233A /* Release */ = {
			isa = XCBuildConfiguration;
			buildSettings = {
				ALWAYS_SEARCH_USER_PATHS = NO;
				CLANG_ANALYZER_NONNULL = YES;
				CLANG_ANALYZER_NUMBER_OBJECT_CONVERSION = YES_AGGRESSIVE;
				CLANG_CXX_LANGUAGE_STANDARD = "gnu++17";
				CLANG_ENABLE_MODULES = YES;
				CLANG_ENABLE_OBJC_ARC = YES;
				CLANG_ENABLE_OBJC_WEAK = YES;
				CLANG_WARN_BLOCK_CAPTURE_AUTORELEASING = YES;
				CLANG_WARN_BOOL_CONVERSION = YES;
				CLANG_WARN_COMMA = YES;
				CLANG_WARN_CONSTANT_CONVERSION = YES;
				CLANG_WARN_DEPRECATED_OBJC_IMPLEMENTATIONS = YES;
				CLANG_WARN_DIRECT_OBJC_ISA_USAGE = YES_ERROR;
				CLANG_WARN_DOCUMENTATION_COMMENTS = YES;
				CLANG_WARN_EMPTY_BODY = YES;
				CLANG_WARN_ENUM_CONVERSION = YES;
				CLANG_WARN_INFINITE_RECURSION = YES;
				CLANG_WARN_INT_CONVERSION = YES;
				CLANG_WARN_NON_LITERAL_NULL_CONVERSION = YES;
				CLANG_WARN_OBJC_IMPLICIT_RETAIN_SELF = YES;
				CLANG_WARN_OBJC_LITERAL_CONVERSION = YES;
				CLANG_WARN_OBJC_ROOT_CLASS = YES_ERROR;
				CLANG_WARN_QUOTED_INCLUDE_IN_FRAMEWORK_HEADER = YES;
				CLANG_WARN_RANGE_LOOP_ANALYSIS = YES;
				CLANG_WARN_STRICT_PROTOTYPES = YES;
				CLANG_WARN_SUSPICIOUS_MOVE = YES;
				CLANG_WARN_UNGUARDED_AVAILABILITY = YES_AGGRESSIVE;
				CLANG_WARN_UNREACHABLE_CODE = YES;
				CLANG_WARN__DUPLICATE_METHOD_MATCH = YES;
				COPY_PHASE_STRIP = NO;
				DEBUG_INFORMATION_FORMAT = "dwarf-with-dsym";
				ENABLE_NS_ASSERTIONS = NO;
				ENABLE_STRICT_OBJC_MSGSEND = YES;
				GCC_C_LANGUAGE_STANDARD = gnu11;
				GCC_NO_COMMON_BLOCKS = YES;
				GCC_WARN_64_TO_32_BIT_CONVERSION = YES;
				GCC_WARN_ABOUT_RETURN_TYPE = YES_ERROR;
				GCC_WARN_UNDECLARED_SELECTOR = YES;
				GCC_WARN_UNINITIALIZED_AUTOS = YES_AGGRESSIVE;
				GCC_WARN_UNUSED_FUNCTION = YES;
				GCC_WARN_UNUSED_VARIABLE = YES;
				IPHONEOS_DEPLOYMENT_TARGET = 15.4;
				MTL_ENABLE_DEBUG_INFO = NO;
				MTL_FAST_MATH = YES;
				SDKROOT = iphoneos;
				SWIFT_COMPILATION_MODE = wholemodule;
				SWIFT_OPTIMIZATION_LEVEL = "-O";
				VALIDATE_PRODUCT = YES;
			};
			name = Release;
		};
		A579425127EDF3CD000F233A /* Debug */ = {
			isa = XCBuildConfiguration;
			baseConfigurationReference = 15AC9B1635105DB65C7ED2E1 /* Pods-FilmRecord.debug.xcconfig */;
			buildSettings = {
				ASSETCATALOG_COMPILER_APPICON_NAME = AppIcon;
				ASSETCATALOG_COMPILER_GLOBAL_ACCENT_COLOR_NAME = AccentColor;
				CODE_SIGN_STYLE = Automatic;
				CURRENT_PROJECT_VERSION = 1;
				DEVELOPMENT_TEAM = MZ4WUT4W35;
				GENERATE_INFOPLIST_FILE = YES;
				INFOPLIST_FILE = FilmRecord/Info.plist;
				INFOPLIST_KEY_UIApplicationSupportsIndirectInputEvents = YES;
				INFOPLIST_KEY_UILaunchStoryboardName = LaunchScreen;
				INFOPLIST_KEY_UISupportedInterfaceOrientations_iPad = "UIInterfaceOrientationPortrait UIInterfaceOrientationPortraitUpsideDown UIInterfaceOrientationLandscapeLeft UIInterfaceOrientationLandscapeRight";
				INFOPLIST_KEY_UISupportedInterfaceOrientations_iPhone = "UIInterfaceOrientationPortrait UIInterfaceOrientationLandscapeLeft UIInterfaceOrientationLandscapeRight";
				LD_RUNPATH_SEARCH_PATHS = (
					"$(inherited)",
					"@executable_path/Frameworks",
				);
				MARKETING_VERSION = 1.0;
				PRODUCT_BUNDLE_IDENTIFIER = com.alswl.FilmRecord;
				PRODUCT_NAME = "$(TARGET_NAME)";
				SWIFT_EMIT_LOC_STRINGS = YES;
				SWIFT_VERSION = 5.0;
				TARGETED_DEVICE_FAMILY = "1,2";
			};
			name = Debug;
		};
		A579425227EDF3CD000F233A /* Release */ = {
			isa = XCBuildConfiguration;
			baseConfigurationReference = 027098457CEFADAC81379FE2 /* Pods-FilmRecord.release.xcconfig */;
			buildSettings = {
				ASSETCATALOG_COMPILER_APPICON_NAME = AppIcon;
				ASSETCATALOG_COMPILER_GLOBAL_ACCENT_COLOR_NAME = AccentColor;
				CODE_SIGN_STYLE = Automatic;
				CURRENT_PROJECT_VERSION = 1;
				DEVELOPMENT_TEAM = MZ4WUT4W35;
				GENERATE_INFOPLIST_FILE = YES;
				INFOPLIST_FILE = FilmRecord/Info.plist;
				INFOPLIST_KEY_UIApplicationSupportsIndirectInputEvents = YES;
				INFOPLIST_KEY_UILaunchStoryboardName = LaunchScreen;
				INFOPLIST_KEY_UISupportedInterfaceOrientations_iPad = "UIInterfaceOrientationPortrait UIInterfaceOrientationPortraitUpsideDown UIInterfaceOrientationLandscapeLeft UIInterfaceOrientationLandscapeRight";
				INFOPLIST_KEY_UISupportedInterfaceOrientations_iPhone = "UIInterfaceOrientationPortrait UIInterfaceOrientationLandscapeLeft UIInterfaceOrientationLandscapeRight";
				LD_RUNPATH_SEARCH_PATHS = (
					"$(inherited)",
					"@executable_path/Frameworks",
				);
				MARKETING_VERSION = 1.0;
				PRODUCT_BUNDLE_IDENTIFIER = com.alswl.FilmRecord;
				PRODUCT_NAME = "$(TARGET_NAME)";
				SWIFT_EMIT_LOC_STRINGS = YES;
				SWIFT_VERSION = 5.0;
				TARGETED_DEVICE_FAMILY = "1,2";
			};
			name = Release;
		};
		A579425427EDF3CD000F233A /* Debug */ = {
			isa = XCBuildConfiguration;
			baseConfigurationReference = 6B0FFA8A20824560C0CF4E25 /* Pods-FilmRecordTests.debug.xcconfig */;
			buildSettings = {
				ALWAYS_EMBED_SWIFT_STANDARD_LIBRARIES = YES;
				BUNDLE_LOADER = "$(TEST_HOST)";
				CODE_SIGN_STYLE = Automatic;
				CURRENT_PROJECT_VERSION = 1;
				DEVELOPMENT_TEAM = MZ4WUT4W35;
				GENERATE_INFOPLIST_FILE = YES;
				IPHONEOS_DEPLOYMENT_TARGET = 15.4;
				MARKETING_VERSION = 1.0;
				PRODUCT_BUNDLE_IDENTIFIER = com.alswl.FilmRecordTests;
				PRODUCT_NAME = "$(TARGET_NAME)";
				SWIFT_EMIT_LOC_STRINGS = NO;
				SWIFT_VERSION = 5.0;
				TARGETED_DEVICE_FAMILY = "1,2";
				TEST_HOST = "$(BUILT_PRODUCTS_DIR)/FilmRecord.app/FilmRecord";
			};
			name = Debug;
		};
		A579425527EDF3CD000F233A /* Release */ = {
			isa = XCBuildConfiguration;
			baseConfigurationReference = 0B56D071920236C3847CBE7B /* Pods-FilmRecordTests.release.xcconfig */;
			buildSettings = {
				ALWAYS_EMBED_SWIFT_STANDARD_LIBRARIES = YES;
				BUNDLE_LOADER = "$(TEST_HOST)";
				CODE_SIGN_STYLE = Automatic;
				CURRENT_PROJECT_VERSION = 1;
				DEVELOPMENT_TEAM = MZ4WUT4W35;
				GENERATE_INFOPLIST_FILE = YES;
				IPHONEOS_DEPLOYMENT_TARGET = 15.4;
				MARKETING_VERSION = 1.0;
				PRODUCT_BUNDLE_IDENTIFIER = com.alswl.FilmRecordTests;
				PRODUCT_NAME = "$(TARGET_NAME)";
				SWIFT_EMIT_LOC_STRINGS = NO;
				SWIFT_VERSION = 5.0;
				TARGETED_DEVICE_FAMILY = "1,2";
				TEST_HOST = "$(BUILT_PRODUCTS_DIR)/FilmRecord.app/FilmRecord";
			};
			name = Release;
		};
		A579425727EDF3CD000F233A /* Debug */ = {
			isa = XCBuildConfiguration;
			baseConfigurationReference = B381680C404AA68A42D97F11 /* Pods-FilmRecord-FilmRecordUITests.debug.xcconfig */;
			buildSettings = {
				ALWAYS_EMBED_SWIFT_STANDARD_LIBRARIES = YES;
				CODE_SIGN_STYLE = Automatic;
				CURRENT_PROJECT_VERSION = 1;
				DEVELOPMENT_TEAM = MZ4WUT4W35;
				GENERATE_INFOPLIST_FILE = YES;
				MARKETING_VERSION = 1.0;
				PRODUCT_BUNDLE_IDENTIFIER = com.alswl.FilmRecordUITests;
				PRODUCT_NAME = "$(TARGET_NAME)";
				SWIFT_EMIT_LOC_STRINGS = NO;
				SWIFT_VERSION = 5.0;
				TARGETED_DEVICE_FAMILY = "1,2";
				TEST_TARGET_NAME = FilmRecord;
			};
			name = Debug;
		};
		A579425827EDF3CD000F233A /* Release */ = {
			isa = XCBuildConfiguration;
			baseConfigurationReference = FC220A1C4F67F66A6481B979 /* Pods-FilmRecord-FilmRecordUITests.release.xcconfig */;
			buildSettings = {
				ALWAYS_EMBED_SWIFT_STANDARD_LIBRARIES = YES;
				CODE_SIGN_STYLE = Automatic;
				CURRENT_PROJECT_VERSION = 1;
				DEVELOPMENT_TEAM = MZ4WUT4W35;
				GENERATE_INFOPLIST_FILE = YES;
				MARKETING_VERSION = 1.0;
				PRODUCT_BUNDLE_IDENTIFIER = com.alswl.FilmRecordUITests;
				PRODUCT_NAME = "$(TARGET_NAME)";
				SWIFT_EMIT_LOC_STRINGS = NO;
				SWIFT_VERSION = 5.0;
				TARGETED_DEVICE_FAMILY = "1,2";
				TEST_TARGET_NAME = FilmRecord;
			};
			name = Release;
		};
/* End XCBuildConfiguration section */

/* Begin XCConfigurationList section */
		A579422127EDF3CC000F233A /* Build configuration list for PBXProject "FilmRecord" */ = {
			isa = XCConfigurationList;
			buildConfigurations = (
				A579424E27EDF3CD000F233A /* Debug */,
				A579424F27EDF3CD000F233A /* Release */,
			);
			defaultConfigurationIsVisible = 0;
			defaultConfigurationName = Release;
		};
		A579425027EDF3CD000F233A /* Build configuration list for PBXNativeTarget "FilmRecord" */ = {
			isa = XCConfigurationList;
			buildConfigurations = (
				A579425127EDF3CD000F233A /* Debug */,
				A579425227EDF3CD000F233A /* Release */,
			);
			defaultConfigurationIsVisible = 0;
			defaultConfigurationName = Release;
		};
		A579425327EDF3CD000F233A /* Build configuration list for PBXNativeTarget "FilmRecordTests" */ = {
			isa = XCConfigurationList;
			buildConfigurations = (
				A579425427EDF3CD000F233A /* Debug */,
				A579425527EDF3CD000F233A /* Release */,
			);
			defaultConfigurationIsVisible = 0;
			defaultConfigurationName = Release;
		};
		A579425627EDF3CD000F233A /* Build configuration list for PBXNativeTarget "FilmRecordUITests" */ = {
			isa = XCConfigurationList;
			buildConfigurations = (
				A579425727EDF3CD000F233A /* Debug */,
				A579425827EDF3CD000F233A /* Release */,
			);
			defaultConfigurationIsVisible = 0;
			defaultConfigurationName = Release;
		};
/* End XCConfigurationList section */

/* Begin XCRemoteSwiftPackageReference section */
		A579426627EE07EF000F233A /* XCRemoteSwiftPackageReference "Alamofire" */ = {
			isa = XCRemoteSwiftPackageReference;
			repositoryURL = "https://github.com/Alamofire/Alamofire.git";
			requirement = {
				kind = upToNextMajorVersion;
				minimumVersion = 5.5.0;
			};
		};
		A579427427EE0D84000F233A /* XCRemoteSwiftPackageReference "SnapKit" */ = {
			isa = XCRemoteSwiftPackageReference;
			repositoryURL = "https://github.com/SnapKit/SnapKit.git";
			requirement = {
				kind = upToNextMajorVersion;
				minimumVersion = 5.0.1;
			};
		};
		A579427727EE0DAB000F233A /* XCRemoteSwiftPackageReference "Kingfisher" */ = {
			isa = XCRemoteSwiftPackageReference;
			repositoryURL = "https://github.com/onevcat/Kingfisher.git";
			requirement = {
				kind = upToNextMajorVersion;
				minimumVersion = 7.0.0;
			};
		};
		A594B0F327EF5833001344A2 /* XCRemoteSwiftPackageReference "Cosmos" */ = {
			isa = XCRemoteSwiftPackageReference;
			repositoryURL = "https://github.com/evgenyneu/Cosmos.git";
			requirement = {
				kind = upToNextMajorVersion;
				minimumVersion = 23.0.0;
			};
		};
/* End XCRemoteSwiftPackageReference section */

/* Begin XCSwiftPackageProductDependency section */
		A579426727EE07EF000F233A /* Alamofire */ = {
			isa = XCSwiftPackageProductDependency;
			package = A579426627EE07EF000F233A /* XCRemoteSwiftPackageReference "Alamofire" */;
			productName = Alamofire;
		};
		A579427527EE0D84000F233A /* SnapKit */ = {
			isa = XCSwiftPackageProductDependency;
			package = A579427427EE0D84000F233A /* XCRemoteSwiftPackageReference "SnapKit" */;
			productName = SnapKit;
		};
		A579427827EE0DAB000F233A /* Kingfisher */ = {
			isa = XCSwiftPackageProductDependency;
			package = A579427727EE0DAB000F233A /* XCRemoteSwiftPackageReference "Kingfisher" */;
			productName = Kingfisher;
		};
		A594B0F427EF5833001344A2 /* Cosmos */ = {
			isa = XCSwiftPackageProductDependency;
			package = A594B0F327EF5833001344A2 /* XCRemoteSwiftPackageReference "Cosmos" */;
			productName = Cosmos;
		};
/* End XCSwiftPackageProductDependency section */
	};
	rootObject = A579421E27EDF3CC000F233A /* Project object */;
}
